
Microsoft Visual Studio Solution File, Format Version 12.00
# Visual Studio Version 16
VisualStudioVersion = 16.0.28407.52
MinimumVisualStudioVersion = 10.0.40219.1
Project("{2150E333-8FDC-42A3-9474-1A3956D46DE8}") = "Data", "Data", "{F44B7FBC-A422-4966-837D-D52DF317F82E}"
EndProject
Project("{2150E333-8FDC-42A3-9474-1A3956D46DE8}") = "Infrastructure", "Infrastructure", "{247DAE24-DD89-4C2C-AF49-E3F862485B92}"
EndProject
Project("{2150E333-8FDC-42A3-9474-1A3956D46DE8}") = "Desktop", "Desktop", "{2D346903-DBD6-46C9-A53B-A33E0C215BB2}"
EndProject
Project("{2150E333-8FDC-42A3-9474-1A3956D46DE8}") = "Services", "Services", "{21C98DC0-B35C-414E-BC02-D90AF3494DDC}"
EndProject
Project("{9A19103F-16F7-4668-BE54-9A1E7A4F7556}") = "ProcessingTools.Extensions", "Infrastructure\ProcessingTools.Extensions\ProcessingTools.Extensions.csproj", "{720D359F-49D1-4126-A79B-F63CCE9780A0}"
EndProject
Project("{9A19103F-16F7-4668-BE54-9A1E7A4F7556}") = "ProcessingTools.Services.Models", "Services\ProcessingTools.Services.Models\ProcessingTools.Services.Models.csproj", "{11702307-F670-4A55-B936-3E468604A584}"
EndProject
Project("{9A19103F-16F7-4668-BE54-9A1E7A4F7556}") = "ProcessingTools.Services", "Services\ProcessingTools.Services\ProcessingTools.Services.csproj", "{11C19011-F547-4EC0-8392-685827D3AD4B}"
EndProject
Project("{9A19103F-16F7-4668-BE54-9A1E7A4F7556}") = "ProcessingTools.Clients.Models", "Services\ProcessingTools.Clients.Models\ProcessingTools.Clients.Models.csproj", "{5EB84CE6-3248-4237-979C-71D7A34A4C2B}"
EndProject
Project("{9A19103F-16F7-4668-BE54-9A1E7A4F7556}") = "ProcessingTools.Clients", "Services\ProcessingTools.Clients\ProcessingTools.Clients.csproj", "{A45E61B1-8C2A-4DBC-BD97-6C88E295C93B}"
EndProject
Project("{9A19103F-16F7-4668-BE54-9A1E7A4F7556}") = "ProcessingTools.Configuration.Ninject", "Infrastructure\ProcessingTools.Ninject.Modules\ProcessingTools.Configuration.Ninject.csproj", "{AB7FEBC5-90BB-4786-9CD2-9F7E8D255095}"
EndProject
Project("{2150E333-8FDC-42A3-9474-1A3956D46DE8}") = "Web", "Web", "{BA04B013-D4BC-40F9-AAC3-364006541F81}"
EndProject
Project("{9A19103F-16F7-4668-BE54-9A1E7A4F7556}") = "ProcessingTools.Contracts.Web.Services", "Contracts\ProcessingTools.Contracts.Web.Services\ProcessingTools.Contracts.Web.Services.csproj", "{D1A8546A-AF73-470F-9836-F78314211F59}"
EndProject
Project("{9A19103F-16F7-4668-BE54-9A1E7A4F7556}") = "ProcessingTools.Web.Services", "Services\ProcessingTools.Web.Services\ProcessingTools.Web.Services.csproj", "{62C040D1-DD91-40F8-9C89-9271C34B364A}"
EndProject
Project("{9A19103F-16F7-4668-BE54-9A1E7A4F7556}") = "ProcessingTools.Web.Models", "Services\ProcessingTools.Web.Models\ProcessingTools.Web.Models.csproj", "{9582C59E-2F00-4C2A-B96C-DC306306EF64}"
EndProject
Project("{9A19103F-16F7-4668-BE54-9A1E7A4F7556}") = "ProcessingTools.Contracts.Services", "Contracts\ProcessingTools.Contracts.Services\ProcessingTools.Contracts.Services.csproj", "{8B6A9C0E-8DE0-447F-A1E7-5067C8494E72}"
EndProject
Project("{9A19103F-16F7-4668-BE54-9A1E7A4F7556}") = "ProcessingTools.Contracts.Services.Models", "Contracts\ProcessingTools.Contracts.Services.Models\ProcessingTools.Contracts.Services.Models.csproj", "{A1C5AD6E-32A0-43AA-8191-3FB503AC4F8D}"
EndProject
Project("{9A19103F-16F7-4668-BE54-9A1E7A4F7556}") = "ProcessingTools.Data.Contracts", "Data\ProcessingTools.Data.Contracts\ProcessingTools.Data.Contracts.csproj", "{20DF2BBE-DB57-4970-A4DA-99C0DB94C40F}"
EndProject
Project("{9A19103F-16F7-4668-BE54-9A1E7A4F7556}") = "ProcessingTools.Clients.ConnectedServices", "Services\ProcessingTools.Clients.ConnectedServices\ProcessingTools.Clients.ConnectedServices.csproj", "{30E121DD-97E2-4998-993E-F64B8E6A7EBA}"
EndProject
Project("{9A19103F-16F7-4668-BE54-9A1E7A4F7556}") = "ProcessingTools.Clients.ConnectedServices.Integration.Tests", "Services\ProcessingTools.Clients.ConnectedServices.Tests\ProcessingTools.Clients.ConnectedServices.Integration.Tests.csproj", "{F2BFFCBD-D8C1-4217-8EF6-3A7861C37051}"
EndProject
Project("{9A19103F-16F7-4668-BE54-9A1E7A4F7556}") = "ProcessingTools.Services.Tests", "Services\ProcessingTools.Services.Tests\ProcessingTools.Services.Tests.csproj", "{B346E2EC-3B16-4CD4-B1C7-499755F8613B}"
EndProject
Project("{9A19103F-16F7-4668-BE54-9A1E7A4F7556}") = "ProcessingTools.Commands.Models", "Services\ProcessingTools.Commands.Models\ProcessingTools.Commands.Models.csproj", "{35E931D4-265B-413C-B837-09E530321F57}"
EndProject
Project("{9A19103F-16F7-4668-BE54-9A1E7A4F7556}") = "ProcessingTools.Contracts.Commands.Models", "Contracts\ProcessingTools.Contracts.Commands.Models\ProcessingTools.Contracts.Commands.Models.csproj", "{D7A7689B-5972-4357-B2A2-54FF6ADEACDC}"
EndProject
Project("{9A19103F-16F7-4668-BE54-9A1E7A4F7556}") = "ProcessingTools.Commands.Tagger", "Services\ProcessingTools.Commands.Tagger\ProcessingTools.Commands.Tagger.csproj", "{50171E07-3148-4F27-AE06-BF8EE2912322}"
EndProject
Project("{9A19103F-16F7-4668-BE54-9A1E7A4F7556}") = "ProcessingTools.Contracts.Commands.Tagger", "Contracts\ProcessingTools.Contracts.Commands.Tagger\ProcessingTools.Contracts.Commands.Tagger.csproj", "{A88D9D6F-8842-48B5-A847-5AD192E0814D}"
EndProject
Project("{9A19103F-16F7-4668-BE54-9A1E7A4F7556}") = "ProcessingTools.Tasks", "Services\ProcessingTools.Tasks\ProcessingTools.Tasks.csproj", "{DA89759D-D334-40A2-BDEC-45C554D0C083}"
EndProject
Project("{9A19103F-16F7-4668-BE54-9A1E7A4F7556}") = "ProcessingTools.Contracts.Tasks", "Contracts\ProcessingTools.Contracts.Tasks\ProcessingTools.Contracts.Tasks.csproj", "{76E5F4A1-EB44-47BB-A47B-66F93CC0759E}"
EndProject
Project("{9A19103F-16F7-4668-BE54-9A1E7A4F7556}") = "ProcessingTools.Tasks.Models", "Services\ProcessingTools.Tasks.Models\ProcessingTools.Tasks.Models.csproj", "{5024521E-CA0B-417E-92A1-446F1124579B}"
EndProject
Project("{9A19103F-16F7-4668-BE54-9A1E7A4F7556}") = "ProcessingTools.Contracts.Tasks.Models", "Contracts\ProcessingTools.Contracts.Tasks.Models\ProcessingTools.Contracts.Tasks.Models.csproj", "{E9589748-749C-4C72-ADD5-F074F49BCFF4}"
EndProject
Project("{9A19103F-16F7-4668-BE54-9A1E7A4F7556}") = "ProcessingTools.Common.Code", "Infrastructure\ProcessingTools.Common.Code\ProcessingTools.Common.Code.csproj", "{EBD6C134-433A-4D4D-864A-50745CE94BCA}"
EndProject
Project("{9A19103F-16F7-4668-BE54-9A1E7A4F7556}") = "ProcessingTools.Common.Code.Tests", "Infrastructure\ProcessingTools.Common.Code.Tests\ProcessingTools.Common.Code.Tests.csproj", "{26EB94FE-D40B-439B-AB19-3E65B504B49C}"
EndProject
Project("{9A19103F-16F7-4668-BE54-9A1E7A4F7556}") = "ProcessingTools.Common", "Infrastructure\ProcessingTools.Common\ProcessingTools.Common.csproj", "{89A08F07-815A-4168-941F-C80FA07020F1}"
EndProject
Project("{9A19103F-16F7-4668-BE54-9A1E7A4F7556}") = "ProcessingTools.Common.Tests", "Infrastructure\ProcessingTools.Common.Tests\ProcessingTools.Common.Tests.csproj", "{3FA3B3CD-3BBD-4C59-819A-80780AD73900}"
EndProject
Project("{9A19103F-16F7-4668-BE54-9A1E7A4F7556}") = "ProcessingTools.Data.Models.Mongo", "Data\ProcessingTools.Data.Models.Mongo\ProcessingTools.Data.Models.Mongo.csproj", "{A84A59AE-A52A-4F51-B2A8-AD8306ED395A}"
EndProject
Project("{9A19103F-16F7-4668-BE54-9A1E7A4F7556}") = "ProcessingTools.Data.Mongo", "Data\ProcessingTools.Data.Mongo\ProcessingTools.Data.Mongo.csproj", "{85CC9358-E237-4C2F-9138-85DB4FB33307}"
EndProject
Project("{9A19103F-16F7-4668-BE54-9A1E7A4F7556}") = "ProcessingTools.Data.Models.Entity", "Data\ProcessingTools.Data.Models.Entity\ProcessingTools.Data.Models.Entity.csproj", "{2C57696D-2F5B-45A8-ABF8-42FCDC573D55}"
EndProject
Project("{9A19103F-16F7-4668-BE54-9A1E7A4F7556}") = "ProcessingTools.Data.Entity", "Data\ProcessingTools.Data.Entity\ProcessingTools.Data.Entity.csproj", "{151CBF78-B672-42B5-BBDD-04C6C7F45A25}"
EndProject
Project("{9A19103F-16F7-4668-BE54-9A1E7A4F7556}") = "ProcessingTools.Data.Seed", "Data\ProcessingTools.Data.Seed\ProcessingTools.Data.Seed.csproj", "{E692786F-AABF-4FE3-9A75-912DD48462F7}"
EndProject
Project("{9A19103F-16F7-4668-BE54-9A1E7A4F7556}") = "ProcessingTools.Data.Models.Redis", "Data\ProcessingTools.Data.Models.Redis\ProcessingTools.Data.Models.Redis.csproj", "{0CA7A64E-7AC7-4CB5-A22A-8062D9A0A150}"
EndProject
Project("{9A19103F-16F7-4668-BE54-9A1E7A4F7556}") = "ProcessingTools.Data.Redis", "Data\ProcessingTools.Data.Redis\ProcessingTools.Data.Redis.csproj", "{25935D90-D4D4-4A69-AB9C-F5DB6A8BA061}"
EndProject
Project("{9A19103F-16F7-4668-BE54-9A1E7A4F7556}") = "ProcessingTools.Data.Models.Xml", "Data\ProcessingTools.Data.Models.Xml\ProcessingTools.Data.Models.Xml.csproj", "{0AC1F035-FDF9-4F60-9F6C-06E23028B203}"
EndProject
Project("{9A19103F-16F7-4668-BE54-9A1E7A4F7556}") = "ProcessingTools.Data.Xml", "Data\ProcessingTools.Data.Xml\ProcessingTools.Data.Xml.csproj", "{E62E6BED-AB58-41E9-B3ED-191E9B5B7554}"
EndProject
Project("{9A19103F-16F7-4668-BE54-9A1E7A4F7556}") = "ProcessingTools.Data.Memory", "Data\ProcessingTools.Data.Memory\ProcessingTools.Data.Memory.csproj", "{2B17354C-4BA0-448C-AB8D-8E43210ADD04}"
EndProject
Project("{9A19103F-16F7-4668-BE54-9A1E7A4F7556}") = "ProcessingTools.Data.Memory.Integration.Tests", "Data\ProcessingTools.Data.Memory.Integration.Tests\ProcessingTools.Data.Memory.Integration.Tests.csproj", "{6CD6DC67-2E82-4966-B2BE-9FCBC14CA75B}"
EndProject
Project("{9A19103F-16F7-4668-BE54-9A1E7A4F7556}") = "ProcessingTools.Data.Memory.Unit.Tests", "Data\ProcessingTools.Data.Memory.Unit.Tests\ProcessingTools.Data.Memory.Unit.Tests.csproj", "{7DDAB91F-A863-4541-BE21-82020F47A30C}"
EndProject
Project("{9A19103F-16F7-4668-BE54-9A1E7A4F7556}") = "ProcessingTools.Data.Mongo.Integration.Tests", "Data\ProcessingTools.Data.Mongo.Integration.Tests\ProcessingTools.Data.Mongo.Integration.Tests.csproj", "{EEB273AB-84AA-4021-970E-BFCADF12FD82}"
EndProject
Project("{9A19103F-16F7-4668-BE54-9A1E7A4F7556}") = "ProcessingTools.Data.Xml.Integration.Tests", "Data\ProcessingTools.Data.Xml.Integration.Tests\ProcessingTools.Data.Xml.Integration.Tests.csproj", "{B4BAC4B5-4E9E-464B-A729-D4DC9F2B5D53}"
EndProject
Project("{9A19103F-16F7-4668-BE54-9A1E7A4F7556}") = "ProcessingTools.Data.Redis.Integration.Tests", "Data\ProcessingTools.Data.Redis.Integration.Tests\ProcessingTools.Data.Redis.Integration.Tests.csproj", "{C93A9E8A-BC6B-4F0C-B86F-3FE8EE147B0A}"
EndProject
Project("{9A19103F-16F7-4668-BE54-9A1E7A4F7556}") = "ProcessingTools.Data.Redis.Unit.Tests", "Data\ProcessingTools.Data.Redis.Unit.Tests\ProcessingTools.Data.Redis.Unit.Tests.csproj", "{6222CD73-CAF3-4D62-AE0E-04179C34ACCA}"
EndProject
Project("{9A19103F-16F7-4668-BE54-9A1E7A4F7556}") = "ProcessingTools.Data.Seed.Integration.Tests", "Data\ProcessingTools.Data.Seed.Integration.Tests\ProcessingTools.Data.Seed.Integration.Tests.csproj", "{AA839E49-A281-494E-81A1-68697A481BF8}"
EndProject
Project("{9A19103F-16F7-4668-BE54-9A1E7A4F7556}") = "ProcessingTools.Web.Core.Api", "Web\ProcessingTools.Web.Core.Api\ProcessingTools.Web.Core.Api.csproj", "{F9003823-B2B1-41ED-A0FA-771467197C85}"
EndProject
Project("{9A19103F-16F7-4668-BE54-9A1E7A4F7556}") = "ProcessingTools.Web.Documents", "Web\ProcessingTools.Web.Documents\ProcessingTools.Web.Documents.csproj", "{38686FB5-665C-4530-8AF5-3C47B457980F}"
EndProject
Project("{2150E333-8FDC-42A3-9474-1A3956D46DE8}") = "Contracts", "Contracts", "{594BA8BF-8E5C-4E08-80B1-CC93ADDFCC63}"
EndProject
Project("{9A19103F-16F7-4668-BE54-9A1E7A4F7556}") = "ProcessingTools.Contracts.Data", "Contracts\ProcessingTools.Contracts.Data\ProcessingTools.Contracts.Data.csproj", "{9DE7564E-BAA6-4C49-93C7-497AD75A4C26}"
EndProject
Project("{9A19103F-16F7-4668-BE54-9A1E7A4F7556}") = "ProcessingTools.Contracts.DataAccess", "Contracts\ProcessingTools.Contracts.DataAccess\ProcessingTools.Contracts.DataAccess.csproj", "{BB649A4B-FF1F-482E-BF8B-A91D1B4A90B2}"
EndProject
Project("{9A19103F-16F7-4668-BE54-9A1E7A4F7556}") = "ProcessingTools.Contracts.DataAccess.Models", "Contracts\ProcessingTools.Contracts.DataAccess.Models\ProcessingTools.Contracts.DataAccess.Models.csproj", "{01FB15FC-BCD3-45DD-8F27-49857EC86457}"
EndProject
Project("{9A19103F-16F7-4668-BE54-9A1E7A4F7556}") = "ProcessingTools.Contracts.Data.Models", "Contracts\ProcessingTools.Contracts.Data.Models\ProcessingTools.Contracts.Data.Models.csproj", "{6D4FC381-397A-4CBA-BF3A-FA8654F6A871}"
EndProject
Project("{9A19103F-16F7-4668-BE54-9A1E7A4F7556}") = "ProcessingTools.Contracts.Models", "Contracts\ProcessingTools.Contracts.Models\ProcessingTools.Contracts.Models.csproj", "{A9E0EB3F-88D9-42DB-AE88-1753A3F411D1}"
EndProject
Project("{9A19103F-16F7-4668-BE54-9A1E7A4F7556}") = "ProcessingTools.Configuration.Autofac", "Infrastructure\ProcessingTools.Configuration.Autofac\ProcessingTools.Configuration.Autofac.csproj", "{40987DF3-00EF-4CD4-891B-2AD85B7A266B}"
EndProject
Project("{9A19103F-16F7-4668-BE54-9A1E7A4F7556}") = "ProcessingTools.Configuration.AutoMapper", "Infrastructure\ProcessingTools.Configuration.AutoMapper\ProcessingTools.Configuration.AutoMapper.csproj", "{DBB1D6A9-9B32-43DE-8C87-C4D5FAFB3AE8}"
EndProject
Project("{9A19103F-16F7-4668-BE54-9A1E7A4F7556}") = "ProcessingTools.Configuration.Models", "Infrastructure\ProcessingTools.Configuration.Models\ProcessingTools.Configuration.Models.csproj", "{9AD50AA9-1693-4852-9AEE-17C94FE36130}"
EndProject
Project("{9A19103F-16F7-4668-BE54-9A1E7A4F7556}") = "ProcessingTools.TasksServer", "Web\ProcessingTools.TasksServer\ProcessingTools.TasksServer.csproj", "{333688F4-4E3E-476A-8D54-EDE70505F7A8}"
EndProject
Project("{9A19103F-16F7-4668-BE54-9A1E7A4F7556}") = "ProcessingTools.CommandsServer", "Web\ProcessingTools.CommandsServer\ProcessingTools.CommandsServer.csproj", "{BE00FBA2-E7A5-4C17-95B2-6F4E2B0CFF07}"
EndProject
Project("{9A19103F-16F7-4668-BE54-9A1E7A4F7556}") = "ProcessingTools.Commands.Tagger.Tests", "Services\ProcessingTools.Commands.Tagger.Tests\ProcessingTools.Commands.Tagger.Tests.csproj", "{CD3D733A-F3A7-46A4-8BDD-6A6918003586}"
EndProject
Project("{9A19103F-16F7-4668-BE54-9A1E7A4F7556}") = "ProcessingTools.Configuration.Interceptors", "Infrastructure\ProcessingTools.Configuration.Interceptors\ProcessingTools.Configuration.Interceptors.csproj", "{C8BADB0E-F8AE-488A-85D0-21EB8F9914D4}"
EndProject
Project("{9A19103F-16F7-4668-BE54-9A1E7A4F7556}") = "ProcessingTools.DataAccess.Mongo", "Data\ProcessingTools.DataAccess.Mongo\ProcessingTools.DataAccess.Mongo.csproj", "{680E2224-29C1-41FF-AAE8-56D20A6E67E1}"
EndProject
Project("{9A19103F-16F7-4668-BE54-9A1E7A4F7556}") = "ProcessingTools.DataAccess.Models.Mongo", "Data\ProcessingTools.DataAccess.Models.Mongo\ProcessingTools.DataAccess.Models.Mongo.csproj", "{1889F3E0-35FA-4C99-8556-5429DDC014C8}"
EndProject
Project("{9A19103F-16F7-4668-BE54-9A1E7A4F7556}") = "ProcessingTools.Common.Resources", "Infrastructure\ProcessingTools.Common.Resources\ProcessingTools.Common.Resources.csproj", "{068708D4-83C7-48B9-B501-5C39634A99C8}"
EndProject
Project("{9A19103F-16F7-4668-BE54-9A1E7A4F7556}") = "ProcessingTools.Clients.Models.Integration.Tests", "Services\ProcessingTools.Clients.Models.Integration.Tests\ProcessingTools.Clients.Models.Integration.Tests.csproj", "{BB2DB1FD-900D-426C-A008-AB8F27823C82}"
EndProject
Project("{9A19103F-16F7-4668-BE54-9A1E7A4F7556}") = "ProcessingTools.Clients.Integration.Tests", "Services\ProcessingTools.Clients.Integration.Tests\ProcessingTools.Clients.Integration.Tests.csproj", "{85475DAF-47F4-475C-B55E-527912000468}"
EndProject
Project("{9A19103F-16F7-4668-BE54-9A1E7A4F7556}") = "ProcessingTools.Services.Integration.Tests", "Services\ProcessingTools.Services.Integration.Tests\ProcessingTools.Services.Integration.Tests.csproj", "{C0199F23-BD47-412C-83F5-AF32A1FFE156}"
EndProject
Project("{9A19103F-16F7-4668-BE54-9A1E7A4F7556}") = "ProcessingTools.Clients.Unit.Tests", "Services\ProcessingTools.Clients.Unit.Tests\ProcessingTools.Clients.Unit.Tests.csproj", "{8A46A788-1A87-4B24-9F15-FAB644A104D5}"
EndProject
Project("{9A19103F-16F7-4668-BE54-9A1E7A4F7556}") = "ProcessingTools.Services.DeleteMe", "Services\ProcessingTools.Services.DeleteMe\ProcessingTools.Services.DeleteMe.csproj", "{5E4678D8-A0DD-4EED-853E-06D3BAF2A9C8}"
EndProject
Project("{9A19103F-16F7-4668-BE54-9A1E7A4F7556}") = "ProcessingTools.NlmArchiveConsoleManager", "Desktop\ProcessingTools.NlmArchiveConsoleManager\ProcessingTools.NlmArchiveConsoleManager.csproj", "{9212C2A9-8AC8-445A-9DA5-E80E55B4AFAD}"
EndProject
Project("{9A19103F-16F7-4668-BE54-9A1E7A4F7556}") = "ProcessingTools.DbSeeder", "Desktop\ProcessingTools.DbSeeder\ProcessingTools.DbSeeder.csproj", "{A52D656A-AF79-4689-9E73-C4E2329B3874}"
EndProject
Project("{9A19103F-16F7-4668-BE54-9A1E7A4F7556}") = "ProcessingTools.Tagger", "Desktop\ProcessingTools.Tagger\ProcessingTools.Tagger.csproj", "{245D9B57-2D84-4E32-BE35-68AE646B2559}"
EndProject
Project("{9A19103F-16F7-4668-BE54-9A1E7A4F7556}") = "ProcessingTools.HealthChecks", "Infrastructure\ProcessingTools.HealthChecks\ProcessingTools.HealthChecks.csproj", "{DC21358F-4050-4994-BE1F-9ADA3D7C51BB}"
EndProject
Project("{9A19103F-16F7-4668-BE54-9A1E7A4F7556}") = "ProcessingTools.Configuration.Extensions", "Infrastructure\ProcessingTools.Configuration.Extensions\ProcessingTools.Configuration.Extensions.csproj", "{BAB4356F-9BE8-44B3-8CFC-158652792CAA}"
EndProject
Project("{9A19103F-16F7-4668-BE54-9A1E7A4F7556}") = "ProcessingTools.Configuration.DependencyInjection", "Infrastructure\ProcessingTools.Configuration.DependencyInjection\ProcessingTools.Configuration.DependencyInjection.csproj", "{89B0B5C6-9318-40F4-80F2-E1B46C13FD2D}"
EndProject
Project("{9A19103F-16F7-4668-BE54-9A1E7A4F7556}") = "ProcessingTools.Web.Api.Biology", "Web\ProcessingTools.Web.Api.Biology\ProcessingTools.Web.Api.Biology.csproj", "{867E462D-D92C-4068-B917-E59266184757}"
EndProject
Project("{9A19103F-16F7-4668-BE54-9A1E7A4F7556}") = "ProcessingTools.Web.Api.Documents", "Web\ProcessingTools.Web.Api.Documents\ProcessingTools.Web.Api.Documents.csproj", "{D8EBAA79-67C0-44D5-A733-C26DF09F6EAE}"
EndProject
Project("{9A19103F-16F7-4668-BE54-9A1E7A4F7556}") = "ProcessingTools.Web.Api.Geography", "Web\ProcessingTools.Web.Api.Geography\ProcessingTools.Web.Api.Geography.csproj", "{89BB963C-8BC6-4E8F-8EBF-BEAA5A2B43ED}"
EndProject
Project("{9A19103F-16F7-4668-BE54-9A1E7A4F7556}") = "ProcessingTools.Web.Api.Layout", "Web\ProcessingTools.Web.Api.Layout\ProcessingTools.Web.Api.Layout.csproj", "{07155165-96DA-42AC-A541-912B602AE67D}"
EndProject
Global
	GlobalSection(SolutionConfigurationPlatforms) = preSolution
		Debug|Any CPU = Debug|Any CPU
		Debug|x64 = Debug|x64
		Release|Any CPU = Release|Any CPU
		Release|x64 = Release|x64
	EndGlobalSection
	GlobalSection(ProjectConfigurationPlatforms) = postSolution
		{720D359F-49D1-4126-A79B-F63CCE9780A0}.Debug|Any CPU.ActiveCfg = Debug|Any CPU
		{720D359F-49D1-4126-A79B-F63CCE9780A0}.Debug|Any CPU.Build.0 = Debug|Any CPU
		{720D359F-49D1-4126-A79B-F63CCE9780A0}.Debug|x64.ActiveCfg = Debug|Any CPU
		{720D359F-49D1-4126-A79B-F63CCE9780A0}.Debug|x64.Build.0 = Debug|Any CPU
		{720D359F-49D1-4126-A79B-F63CCE9780A0}.Release|Any CPU.ActiveCfg = Release|Any CPU
		{720D359F-49D1-4126-A79B-F63CCE9780A0}.Release|Any CPU.Build.0 = Release|Any CPU
		{720D359F-49D1-4126-A79B-F63CCE9780A0}.Release|x64.ActiveCfg = Release|Any CPU
		{720D359F-49D1-4126-A79B-F63CCE9780A0}.Release|x64.Build.0 = Release|Any CPU
		{11702307-F670-4A55-B936-3E468604A584}.Debug|Any CPU.ActiveCfg = Debug|Any CPU
		{11702307-F670-4A55-B936-3E468604A584}.Debug|Any CPU.Build.0 = Debug|Any CPU
		{11702307-F670-4A55-B936-3E468604A584}.Debug|x64.ActiveCfg = Debug|Any CPU
		{11702307-F670-4A55-B936-3E468604A584}.Debug|x64.Build.0 = Debug|Any CPU
		{11702307-F670-4A55-B936-3E468604A584}.Release|Any CPU.ActiveCfg = Release|Any CPU
		{11702307-F670-4A55-B936-3E468604A584}.Release|Any CPU.Build.0 = Release|Any CPU
		{11702307-F670-4A55-B936-3E468604A584}.Release|x64.ActiveCfg = Release|Any CPU
		{11702307-F670-4A55-B936-3E468604A584}.Release|x64.Build.0 = Release|Any CPU
		{11C19011-F547-4EC0-8392-685827D3AD4B}.Debug|Any CPU.ActiveCfg = Debug|Any CPU
		{11C19011-F547-4EC0-8392-685827D3AD4B}.Debug|Any CPU.Build.0 = Debug|Any CPU
		{11C19011-F547-4EC0-8392-685827D3AD4B}.Debug|x64.ActiveCfg = Debug|Any CPU
		{11C19011-F547-4EC0-8392-685827D3AD4B}.Debug|x64.Build.0 = Debug|Any CPU
		{11C19011-F547-4EC0-8392-685827D3AD4B}.Release|Any CPU.ActiveCfg = Release|Any CPU
		{11C19011-F547-4EC0-8392-685827D3AD4B}.Release|Any CPU.Build.0 = Release|Any CPU
		{11C19011-F547-4EC0-8392-685827D3AD4B}.Release|x64.ActiveCfg = Release|Any CPU
		{11C19011-F547-4EC0-8392-685827D3AD4B}.Release|x64.Build.0 = Release|Any CPU
		{5EB84CE6-3248-4237-979C-71D7A34A4C2B}.Debug|Any CPU.ActiveCfg = Debug|Any CPU
		{5EB84CE6-3248-4237-979C-71D7A34A4C2B}.Debug|Any CPU.Build.0 = Debug|Any CPU
		{5EB84CE6-3248-4237-979C-71D7A34A4C2B}.Debug|x64.ActiveCfg = Debug|Any CPU
		{5EB84CE6-3248-4237-979C-71D7A34A4C2B}.Debug|x64.Build.0 = Debug|Any CPU
		{5EB84CE6-3248-4237-979C-71D7A34A4C2B}.Release|Any CPU.ActiveCfg = Release|Any CPU
		{5EB84CE6-3248-4237-979C-71D7A34A4C2B}.Release|Any CPU.Build.0 = Release|Any CPU
		{5EB84CE6-3248-4237-979C-71D7A34A4C2B}.Release|x64.ActiveCfg = Release|Any CPU
		{5EB84CE6-3248-4237-979C-71D7A34A4C2B}.Release|x64.Build.0 = Release|Any CPU
		{A45E61B1-8C2A-4DBC-BD97-6C88E295C93B}.Debug|Any CPU.ActiveCfg = Debug|Any CPU
		{A45E61B1-8C2A-4DBC-BD97-6C88E295C93B}.Debug|Any CPU.Build.0 = Debug|Any CPU
		{A45E61B1-8C2A-4DBC-BD97-6C88E295C93B}.Debug|x64.ActiveCfg = Debug|Any CPU
		{A45E61B1-8C2A-4DBC-BD97-6C88E295C93B}.Debug|x64.Build.0 = Debug|Any CPU
		{A45E61B1-8C2A-4DBC-BD97-6C88E295C93B}.Release|Any CPU.ActiveCfg = Release|Any CPU
		{A45E61B1-8C2A-4DBC-BD97-6C88E295C93B}.Release|Any CPU.Build.0 = Release|Any CPU
		{A45E61B1-8C2A-4DBC-BD97-6C88E295C93B}.Release|x64.ActiveCfg = Release|Any CPU
		{A45E61B1-8C2A-4DBC-BD97-6C88E295C93B}.Release|x64.Build.0 = Release|Any CPU
		{AB7FEBC5-90BB-4786-9CD2-9F7E8D255095}.Debug|Any CPU.ActiveCfg = Debug|Any CPU
		{AB7FEBC5-90BB-4786-9CD2-9F7E8D255095}.Debug|Any CPU.Build.0 = Debug|Any CPU
		{AB7FEBC5-90BB-4786-9CD2-9F7E8D255095}.Debug|x64.ActiveCfg = Debug|Any CPU
		{AB7FEBC5-90BB-4786-9CD2-9F7E8D255095}.Debug|x64.Build.0 = Debug|Any CPU
		{AB7FEBC5-90BB-4786-9CD2-9F7E8D255095}.Release|Any CPU.ActiveCfg = Release|Any CPU
		{AB7FEBC5-90BB-4786-9CD2-9F7E8D255095}.Release|Any CPU.Build.0 = Release|Any CPU
		{AB7FEBC5-90BB-4786-9CD2-9F7E8D255095}.Release|x64.ActiveCfg = Release|Any CPU
		{AB7FEBC5-90BB-4786-9CD2-9F7E8D255095}.Release|x64.Build.0 = Release|Any CPU
		{D1A8546A-AF73-470F-9836-F78314211F59}.Debug|Any CPU.ActiveCfg = Debug|Any CPU
		{D1A8546A-AF73-470F-9836-F78314211F59}.Debug|Any CPU.Build.0 = Debug|Any CPU
		{D1A8546A-AF73-470F-9836-F78314211F59}.Debug|x64.ActiveCfg = Debug|Any CPU
		{D1A8546A-AF73-470F-9836-F78314211F59}.Debug|x64.Build.0 = Debug|Any CPU
		{D1A8546A-AF73-470F-9836-F78314211F59}.Release|Any CPU.ActiveCfg = Release|Any CPU
		{D1A8546A-AF73-470F-9836-F78314211F59}.Release|Any CPU.Build.0 = Release|Any CPU
		{D1A8546A-AF73-470F-9836-F78314211F59}.Release|x64.ActiveCfg = Release|Any CPU
		{D1A8546A-AF73-470F-9836-F78314211F59}.Release|x64.Build.0 = Release|Any CPU
		{62C040D1-DD91-40F8-9C89-9271C34B364A}.Debug|Any CPU.ActiveCfg = Debug|Any CPU
		{62C040D1-DD91-40F8-9C89-9271C34B364A}.Debug|Any CPU.Build.0 = Debug|Any CPU
		{62C040D1-DD91-40F8-9C89-9271C34B364A}.Debug|x64.ActiveCfg = Debug|Any CPU
		{62C040D1-DD91-40F8-9C89-9271C34B364A}.Debug|x64.Build.0 = Debug|Any CPU
		{62C040D1-DD91-40F8-9C89-9271C34B364A}.Release|Any CPU.ActiveCfg = Release|Any CPU
		{62C040D1-DD91-40F8-9C89-9271C34B364A}.Release|Any CPU.Build.0 = Release|Any CPU
		{62C040D1-DD91-40F8-9C89-9271C34B364A}.Release|x64.ActiveCfg = Release|Any CPU
		{62C040D1-DD91-40F8-9C89-9271C34B364A}.Release|x64.Build.0 = Release|Any CPU
		{9582C59E-2F00-4C2A-B96C-DC306306EF64}.Debug|Any CPU.ActiveCfg = Debug|Any CPU
		{9582C59E-2F00-4C2A-B96C-DC306306EF64}.Debug|Any CPU.Build.0 = Debug|Any CPU
		{9582C59E-2F00-4C2A-B96C-DC306306EF64}.Debug|x64.ActiveCfg = Debug|Any CPU
		{9582C59E-2F00-4C2A-B96C-DC306306EF64}.Debug|x64.Build.0 = Debug|Any CPU
		{9582C59E-2F00-4C2A-B96C-DC306306EF64}.Release|Any CPU.ActiveCfg = Release|Any CPU
		{9582C59E-2F00-4C2A-B96C-DC306306EF64}.Release|Any CPU.Build.0 = Release|Any CPU
		{9582C59E-2F00-4C2A-B96C-DC306306EF64}.Release|x64.ActiveCfg = Release|Any CPU
		{9582C59E-2F00-4C2A-B96C-DC306306EF64}.Release|x64.Build.0 = Release|Any CPU
		{8B6A9C0E-8DE0-447F-A1E7-5067C8494E72}.Debug|Any CPU.ActiveCfg = Debug|Any CPU
		{8B6A9C0E-8DE0-447F-A1E7-5067C8494E72}.Debug|Any CPU.Build.0 = Debug|Any CPU
		{8B6A9C0E-8DE0-447F-A1E7-5067C8494E72}.Debug|x64.ActiveCfg = Debug|Any CPU
		{8B6A9C0E-8DE0-447F-A1E7-5067C8494E72}.Debug|x64.Build.0 = Debug|Any CPU
		{8B6A9C0E-8DE0-447F-A1E7-5067C8494E72}.Release|Any CPU.ActiveCfg = Release|Any CPU
		{8B6A9C0E-8DE0-447F-A1E7-5067C8494E72}.Release|Any CPU.Build.0 = Release|Any CPU
		{8B6A9C0E-8DE0-447F-A1E7-5067C8494E72}.Release|x64.ActiveCfg = Release|Any CPU
		{8B6A9C0E-8DE0-447F-A1E7-5067C8494E72}.Release|x64.Build.0 = Release|Any CPU
		{A1C5AD6E-32A0-43AA-8191-3FB503AC4F8D}.Debug|Any CPU.ActiveCfg = Debug|Any CPU
		{A1C5AD6E-32A0-43AA-8191-3FB503AC4F8D}.Debug|Any CPU.Build.0 = Debug|Any CPU
		{A1C5AD6E-32A0-43AA-8191-3FB503AC4F8D}.Debug|x64.ActiveCfg = Debug|Any CPU
		{A1C5AD6E-32A0-43AA-8191-3FB503AC4F8D}.Debug|x64.Build.0 = Debug|Any CPU
		{A1C5AD6E-32A0-43AA-8191-3FB503AC4F8D}.Release|Any CPU.ActiveCfg = Release|Any CPU
		{A1C5AD6E-32A0-43AA-8191-3FB503AC4F8D}.Release|Any CPU.Build.0 = Release|Any CPU
		{A1C5AD6E-32A0-43AA-8191-3FB503AC4F8D}.Release|x64.ActiveCfg = Release|Any CPU
		{A1C5AD6E-32A0-43AA-8191-3FB503AC4F8D}.Release|x64.Build.0 = Release|Any CPU
		{20DF2BBE-DB57-4970-A4DA-99C0DB94C40F}.Debug|Any CPU.ActiveCfg = Debug|Any CPU
		{20DF2BBE-DB57-4970-A4DA-99C0DB94C40F}.Debug|Any CPU.Build.0 = Debug|Any CPU
		{20DF2BBE-DB57-4970-A4DA-99C0DB94C40F}.Debug|x64.ActiveCfg = Debug|Any CPU
		{20DF2BBE-DB57-4970-A4DA-99C0DB94C40F}.Debug|x64.Build.0 = Debug|Any CPU
		{20DF2BBE-DB57-4970-A4DA-99C0DB94C40F}.Release|Any CPU.ActiveCfg = Release|Any CPU
		{20DF2BBE-DB57-4970-A4DA-99C0DB94C40F}.Release|Any CPU.Build.0 = Release|Any CPU
		{20DF2BBE-DB57-4970-A4DA-99C0DB94C40F}.Release|x64.ActiveCfg = Release|Any CPU
		{20DF2BBE-DB57-4970-A4DA-99C0DB94C40F}.Release|x64.Build.0 = Release|Any CPU
		{30E121DD-97E2-4998-993E-F64B8E6A7EBA}.Debug|Any CPU.ActiveCfg = Debug|Any CPU
		{30E121DD-97E2-4998-993E-F64B8E6A7EBA}.Debug|Any CPU.Build.0 = Debug|Any CPU
		{30E121DD-97E2-4998-993E-F64B8E6A7EBA}.Debug|x64.ActiveCfg = Debug|Any CPU
		{30E121DD-97E2-4998-993E-F64B8E6A7EBA}.Debug|x64.Build.0 = Debug|Any CPU
		{30E121DD-97E2-4998-993E-F64B8E6A7EBA}.Release|Any CPU.ActiveCfg = Release|Any CPU
		{30E121DD-97E2-4998-993E-F64B8E6A7EBA}.Release|Any CPU.Build.0 = Release|Any CPU
		{30E121DD-97E2-4998-993E-F64B8E6A7EBA}.Release|x64.ActiveCfg = Release|Any CPU
		{30E121DD-97E2-4998-993E-F64B8E6A7EBA}.Release|x64.Build.0 = Release|Any CPU
		{F2BFFCBD-D8C1-4217-8EF6-3A7861C37051}.Debug|Any CPU.ActiveCfg = Debug|Any CPU
		{F2BFFCBD-D8C1-4217-8EF6-3A7861C37051}.Debug|Any CPU.Build.0 = Debug|Any CPU
		{F2BFFCBD-D8C1-4217-8EF6-3A7861C37051}.Debug|x64.ActiveCfg = Debug|Any CPU
		{F2BFFCBD-D8C1-4217-8EF6-3A7861C37051}.Debug|x64.Build.0 = Debug|Any CPU
		{F2BFFCBD-D8C1-4217-8EF6-3A7861C37051}.Release|Any CPU.ActiveCfg = Release|Any CPU
		{F2BFFCBD-D8C1-4217-8EF6-3A7861C37051}.Release|Any CPU.Build.0 = Release|Any CPU
		{F2BFFCBD-D8C1-4217-8EF6-3A7861C37051}.Release|x64.ActiveCfg = Release|Any CPU
		{F2BFFCBD-D8C1-4217-8EF6-3A7861C37051}.Release|x64.Build.0 = Release|Any CPU
		{B346E2EC-3B16-4CD4-B1C7-499755F8613B}.Debug|Any CPU.ActiveCfg = Debug|Any CPU
		{B346E2EC-3B16-4CD4-B1C7-499755F8613B}.Debug|Any CPU.Build.0 = Debug|Any CPU
		{B346E2EC-3B16-4CD4-B1C7-499755F8613B}.Debug|x64.ActiveCfg = Debug|Any CPU
		{B346E2EC-3B16-4CD4-B1C7-499755F8613B}.Debug|x64.Build.0 = Debug|Any CPU
		{B346E2EC-3B16-4CD4-B1C7-499755F8613B}.Release|Any CPU.ActiveCfg = Release|Any CPU
		{B346E2EC-3B16-4CD4-B1C7-499755F8613B}.Release|Any CPU.Build.0 = Release|Any CPU
		{B346E2EC-3B16-4CD4-B1C7-499755F8613B}.Release|x64.ActiveCfg = Release|Any CPU
		{B346E2EC-3B16-4CD4-B1C7-499755F8613B}.Release|x64.Build.0 = Release|Any CPU
		{35E931D4-265B-413C-B837-09E530321F57}.Debug|Any CPU.ActiveCfg = Debug|Any CPU
		{35E931D4-265B-413C-B837-09E530321F57}.Debug|Any CPU.Build.0 = Debug|Any CPU
		{35E931D4-265B-413C-B837-09E530321F57}.Debug|x64.ActiveCfg = Debug|Any CPU
		{35E931D4-265B-413C-B837-09E530321F57}.Debug|x64.Build.0 = Debug|Any CPU
		{35E931D4-265B-413C-B837-09E530321F57}.Release|Any CPU.ActiveCfg = Release|Any CPU
		{35E931D4-265B-413C-B837-09E530321F57}.Release|Any CPU.Build.0 = Release|Any CPU
		{35E931D4-265B-413C-B837-09E530321F57}.Release|x64.ActiveCfg = Release|Any CPU
		{35E931D4-265B-413C-B837-09E530321F57}.Release|x64.Build.0 = Release|Any CPU
		{D7A7689B-5972-4357-B2A2-54FF6ADEACDC}.Debug|Any CPU.ActiveCfg = Debug|Any CPU
		{D7A7689B-5972-4357-B2A2-54FF6ADEACDC}.Debug|Any CPU.Build.0 = Debug|Any CPU
		{D7A7689B-5972-4357-B2A2-54FF6ADEACDC}.Debug|x64.ActiveCfg = Debug|Any CPU
		{D7A7689B-5972-4357-B2A2-54FF6ADEACDC}.Debug|x64.Build.0 = Debug|Any CPU
		{D7A7689B-5972-4357-B2A2-54FF6ADEACDC}.Release|Any CPU.ActiveCfg = Release|Any CPU
		{D7A7689B-5972-4357-B2A2-54FF6ADEACDC}.Release|Any CPU.Build.0 = Release|Any CPU
		{D7A7689B-5972-4357-B2A2-54FF6ADEACDC}.Release|x64.ActiveCfg = Release|Any CPU
		{D7A7689B-5972-4357-B2A2-54FF6ADEACDC}.Release|x64.Build.0 = Release|Any CPU
		{50171E07-3148-4F27-AE06-BF8EE2912322}.Debug|Any CPU.ActiveCfg = Debug|Any CPU
		{50171E07-3148-4F27-AE06-BF8EE2912322}.Debug|Any CPU.Build.0 = Debug|Any CPU
		{50171E07-3148-4F27-AE06-BF8EE2912322}.Debug|x64.ActiveCfg = Debug|Any CPU
		{50171E07-3148-4F27-AE06-BF8EE2912322}.Debug|x64.Build.0 = Debug|Any CPU
		{50171E07-3148-4F27-AE06-BF8EE2912322}.Release|Any CPU.ActiveCfg = Release|Any CPU
		{50171E07-3148-4F27-AE06-BF8EE2912322}.Release|Any CPU.Build.0 = Release|Any CPU
		{50171E07-3148-4F27-AE06-BF8EE2912322}.Release|x64.ActiveCfg = Release|Any CPU
		{50171E07-3148-4F27-AE06-BF8EE2912322}.Release|x64.Build.0 = Release|Any CPU
		{A88D9D6F-8842-48B5-A847-5AD192E0814D}.Debug|Any CPU.ActiveCfg = Debug|Any CPU
		{A88D9D6F-8842-48B5-A847-5AD192E0814D}.Debug|Any CPU.Build.0 = Debug|Any CPU
		{A88D9D6F-8842-48B5-A847-5AD192E0814D}.Debug|x64.ActiveCfg = Debug|Any CPU
		{A88D9D6F-8842-48B5-A847-5AD192E0814D}.Debug|x64.Build.0 = Debug|Any CPU
		{A88D9D6F-8842-48B5-A847-5AD192E0814D}.Release|Any CPU.ActiveCfg = Release|Any CPU
		{A88D9D6F-8842-48B5-A847-5AD192E0814D}.Release|Any CPU.Build.0 = Release|Any CPU
		{A88D9D6F-8842-48B5-A847-5AD192E0814D}.Release|x64.ActiveCfg = Release|Any CPU
		{A88D9D6F-8842-48B5-A847-5AD192E0814D}.Release|x64.Build.0 = Release|Any CPU
		{DA89759D-D334-40A2-BDEC-45C554D0C083}.Debug|Any CPU.ActiveCfg = Debug|Any CPU
		{DA89759D-D334-40A2-BDEC-45C554D0C083}.Debug|Any CPU.Build.0 = Debug|Any CPU
		{DA89759D-D334-40A2-BDEC-45C554D0C083}.Debug|x64.ActiveCfg = Debug|Any CPU
		{DA89759D-D334-40A2-BDEC-45C554D0C083}.Debug|x64.Build.0 = Debug|Any CPU
		{DA89759D-D334-40A2-BDEC-45C554D0C083}.Release|Any CPU.ActiveCfg = Release|Any CPU
		{DA89759D-D334-40A2-BDEC-45C554D0C083}.Release|Any CPU.Build.0 = Release|Any CPU
		{DA89759D-D334-40A2-BDEC-45C554D0C083}.Release|x64.ActiveCfg = Release|Any CPU
		{DA89759D-D334-40A2-BDEC-45C554D0C083}.Release|x64.Build.0 = Release|Any CPU
		{76E5F4A1-EB44-47BB-A47B-66F93CC0759E}.Debug|Any CPU.ActiveCfg = Debug|Any CPU
		{76E5F4A1-EB44-47BB-A47B-66F93CC0759E}.Debug|Any CPU.Build.0 = Debug|Any CPU
		{76E5F4A1-EB44-47BB-A47B-66F93CC0759E}.Debug|x64.ActiveCfg = Debug|Any CPU
		{76E5F4A1-EB44-47BB-A47B-66F93CC0759E}.Debug|x64.Build.0 = Debug|Any CPU
		{76E5F4A1-EB44-47BB-A47B-66F93CC0759E}.Release|Any CPU.ActiveCfg = Release|Any CPU
		{76E5F4A1-EB44-47BB-A47B-66F93CC0759E}.Release|Any CPU.Build.0 = Release|Any CPU
		{76E5F4A1-EB44-47BB-A47B-66F93CC0759E}.Release|x64.ActiveCfg = Release|Any CPU
		{76E5F4A1-EB44-47BB-A47B-66F93CC0759E}.Release|x64.Build.0 = Release|Any CPU
		{5024521E-CA0B-417E-92A1-446F1124579B}.Debug|Any CPU.ActiveCfg = Debug|Any CPU
		{5024521E-CA0B-417E-92A1-446F1124579B}.Debug|Any CPU.Build.0 = Debug|Any CPU
		{5024521E-CA0B-417E-92A1-446F1124579B}.Debug|x64.ActiveCfg = Debug|Any CPU
		{5024521E-CA0B-417E-92A1-446F1124579B}.Debug|x64.Build.0 = Debug|Any CPU
		{5024521E-CA0B-417E-92A1-446F1124579B}.Release|Any CPU.ActiveCfg = Release|Any CPU
		{5024521E-CA0B-417E-92A1-446F1124579B}.Release|Any CPU.Build.0 = Release|Any CPU
		{5024521E-CA0B-417E-92A1-446F1124579B}.Release|x64.ActiveCfg = Release|Any CPU
		{5024521E-CA0B-417E-92A1-446F1124579B}.Release|x64.Build.0 = Release|Any CPU
		{E9589748-749C-4C72-ADD5-F074F49BCFF4}.Debug|Any CPU.ActiveCfg = Debug|Any CPU
		{E9589748-749C-4C72-ADD5-F074F49BCFF4}.Debug|Any CPU.Build.0 = Debug|Any CPU
		{E9589748-749C-4C72-ADD5-F074F49BCFF4}.Debug|x64.ActiveCfg = Debug|Any CPU
		{E9589748-749C-4C72-ADD5-F074F49BCFF4}.Debug|x64.Build.0 = Debug|Any CPU
		{E9589748-749C-4C72-ADD5-F074F49BCFF4}.Release|Any CPU.ActiveCfg = Release|Any CPU
		{E9589748-749C-4C72-ADD5-F074F49BCFF4}.Release|Any CPU.Build.0 = Release|Any CPU
		{E9589748-749C-4C72-ADD5-F074F49BCFF4}.Release|x64.ActiveCfg = Release|Any CPU
		{E9589748-749C-4C72-ADD5-F074F49BCFF4}.Release|x64.Build.0 = Release|Any CPU
		{EBD6C134-433A-4D4D-864A-50745CE94BCA}.Debug|Any CPU.ActiveCfg = Debug|Any CPU
		{EBD6C134-433A-4D4D-864A-50745CE94BCA}.Debug|Any CPU.Build.0 = Debug|Any CPU
		{EBD6C134-433A-4D4D-864A-50745CE94BCA}.Debug|x64.ActiveCfg = Debug|Any CPU
		{EBD6C134-433A-4D4D-864A-50745CE94BCA}.Debug|x64.Build.0 = Debug|Any CPU
		{EBD6C134-433A-4D4D-864A-50745CE94BCA}.Release|Any CPU.ActiveCfg = Release|Any CPU
		{EBD6C134-433A-4D4D-864A-50745CE94BCA}.Release|Any CPU.Build.0 = Release|Any CPU
		{EBD6C134-433A-4D4D-864A-50745CE94BCA}.Release|x64.ActiveCfg = Release|Any CPU
		{EBD6C134-433A-4D4D-864A-50745CE94BCA}.Release|x64.Build.0 = Release|Any CPU
		{26EB94FE-D40B-439B-AB19-3E65B504B49C}.Debug|Any CPU.ActiveCfg = Debug|Any CPU
		{26EB94FE-D40B-439B-AB19-3E65B504B49C}.Debug|Any CPU.Build.0 = Debug|Any CPU
		{26EB94FE-D40B-439B-AB19-3E65B504B49C}.Debug|x64.ActiveCfg = Debug|Any CPU
		{26EB94FE-D40B-439B-AB19-3E65B504B49C}.Debug|x64.Build.0 = Debug|Any CPU
		{26EB94FE-D40B-439B-AB19-3E65B504B49C}.Release|Any CPU.ActiveCfg = Release|Any CPU
		{26EB94FE-D40B-439B-AB19-3E65B504B49C}.Release|Any CPU.Build.0 = Release|Any CPU
		{26EB94FE-D40B-439B-AB19-3E65B504B49C}.Release|x64.ActiveCfg = Release|Any CPU
		{26EB94FE-D40B-439B-AB19-3E65B504B49C}.Release|x64.Build.0 = Release|Any CPU
		{89A08F07-815A-4168-941F-C80FA07020F1}.Debug|Any CPU.ActiveCfg = Debug|Any CPU
		{89A08F07-815A-4168-941F-C80FA07020F1}.Debug|Any CPU.Build.0 = Debug|Any CPU
		{89A08F07-815A-4168-941F-C80FA07020F1}.Debug|x64.ActiveCfg = Debug|Any CPU
		{89A08F07-815A-4168-941F-C80FA07020F1}.Debug|x64.Build.0 = Debug|Any CPU
		{89A08F07-815A-4168-941F-C80FA07020F1}.Release|Any CPU.ActiveCfg = Release|Any CPU
		{89A08F07-815A-4168-941F-C80FA07020F1}.Release|Any CPU.Build.0 = Release|Any CPU
		{89A08F07-815A-4168-941F-C80FA07020F1}.Release|x64.ActiveCfg = Release|Any CPU
		{89A08F07-815A-4168-941F-C80FA07020F1}.Release|x64.Build.0 = Release|Any CPU
		{3FA3B3CD-3BBD-4C59-819A-80780AD73900}.Debug|Any CPU.ActiveCfg = Debug|Any CPU
		{3FA3B3CD-3BBD-4C59-819A-80780AD73900}.Debug|Any CPU.Build.0 = Debug|Any CPU
		{3FA3B3CD-3BBD-4C59-819A-80780AD73900}.Debug|x64.ActiveCfg = Debug|Any CPU
		{3FA3B3CD-3BBD-4C59-819A-80780AD73900}.Debug|x64.Build.0 = Debug|Any CPU
		{3FA3B3CD-3BBD-4C59-819A-80780AD73900}.Release|Any CPU.ActiveCfg = Release|Any CPU
		{3FA3B3CD-3BBD-4C59-819A-80780AD73900}.Release|Any CPU.Build.0 = Release|Any CPU
		{3FA3B3CD-3BBD-4C59-819A-80780AD73900}.Release|x64.ActiveCfg = Release|Any CPU
		{3FA3B3CD-3BBD-4C59-819A-80780AD73900}.Release|x64.Build.0 = Release|Any CPU
		{A84A59AE-A52A-4F51-B2A8-AD8306ED395A}.Debug|Any CPU.ActiveCfg = Debug|Any CPU
		{A84A59AE-A52A-4F51-B2A8-AD8306ED395A}.Debug|Any CPU.Build.0 = Debug|Any CPU
		{A84A59AE-A52A-4F51-B2A8-AD8306ED395A}.Debug|x64.ActiveCfg = Debug|Any CPU
		{A84A59AE-A52A-4F51-B2A8-AD8306ED395A}.Debug|x64.Build.0 = Debug|Any CPU
		{A84A59AE-A52A-4F51-B2A8-AD8306ED395A}.Release|Any CPU.ActiveCfg = Release|Any CPU
		{A84A59AE-A52A-4F51-B2A8-AD8306ED395A}.Release|Any CPU.Build.0 = Release|Any CPU
		{A84A59AE-A52A-4F51-B2A8-AD8306ED395A}.Release|x64.ActiveCfg = Release|Any CPU
		{A84A59AE-A52A-4F51-B2A8-AD8306ED395A}.Release|x64.Build.0 = Release|Any CPU
		{85CC9358-E237-4C2F-9138-85DB4FB33307}.Debug|Any CPU.ActiveCfg = Debug|Any CPU
		{85CC9358-E237-4C2F-9138-85DB4FB33307}.Debug|Any CPU.Build.0 = Debug|Any CPU
		{85CC9358-E237-4C2F-9138-85DB4FB33307}.Debug|x64.ActiveCfg = Debug|Any CPU
		{85CC9358-E237-4C2F-9138-85DB4FB33307}.Debug|x64.Build.0 = Debug|Any CPU
		{85CC9358-E237-4C2F-9138-85DB4FB33307}.Release|Any CPU.ActiveCfg = Release|Any CPU
		{85CC9358-E237-4C2F-9138-85DB4FB33307}.Release|Any CPU.Build.0 = Release|Any CPU
		{85CC9358-E237-4C2F-9138-85DB4FB33307}.Release|x64.ActiveCfg = Release|Any CPU
		{85CC9358-E237-4C2F-9138-85DB4FB33307}.Release|x64.Build.0 = Release|Any CPU
		{2C57696D-2F5B-45A8-ABF8-42FCDC573D55}.Debug|Any CPU.ActiveCfg = Debug|Any CPU
		{2C57696D-2F5B-45A8-ABF8-42FCDC573D55}.Debug|Any CPU.Build.0 = Debug|Any CPU
		{2C57696D-2F5B-45A8-ABF8-42FCDC573D55}.Debug|x64.ActiveCfg = Debug|Any CPU
		{2C57696D-2F5B-45A8-ABF8-42FCDC573D55}.Debug|x64.Build.0 = Debug|Any CPU
		{2C57696D-2F5B-45A8-ABF8-42FCDC573D55}.Release|Any CPU.ActiveCfg = Release|Any CPU
		{2C57696D-2F5B-45A8-ABF8-42FCDC573D55}.Release|Any CPU.Build.0 = Release|Any CPU
		{2C57696D-2F5B-45A8-ABF8-42FCDC573D55}.Release|x64.ActiveCfg = Release|Any CPU
		{2C57696D-2F5B-45A8-ABF8-42FCDC573D55}.Release|x64.Build.0 = Release|Any CPU
		{151CBF78-B672-42B5-BBDD-04C6C7F45A25}.Debug|Any CPU.ActiveCfg = Debug|Any CPU
		{151CBF78-B672-42B5-BBDD-04C6C7F45A25}.Debug|Any CPU.Build.0 = Debug|Any CPU
		{151CBF78-B672-42B5-BBDD-04C6C7F45A25}.Debug|x64.ActiveCfg = Debug|Any CPU
		{151CBF78-B672-42B5-BBDD-04C6C7F45A25}.Debug|x64.Build.0 = Debug|Any CPU
		{151CBF78-B672-42B5-BBDD-04C6C7F45A25}.Release|Any CPU.ActiveCfg = Release|Any CPU
		{151CBF78-B672-42B5-BBDD-04C6C7F45A25}.Release|Any CPU.Build.0 = Release|Any CPU
		{151CBF78-B672-42B5-BBDD-04C6C7F45A25}.Release|x64.ActiveCfg = Release|Any CPU
		{151CBF78-B672-42B5-BBDD-04C6C7F45A25}.Release|x64.Build.0 = Release|Any CPU
		{E692786F-AABF-4FE3-9A75-912DD48462F7}.Debug|Any CPU.ActiveCfg = Debug|Any CPU
		{E692786F-AABF-4FE3-9A75-912DD48462F7}.Debug|Any CPU.Build.0 = Debug|Any CPU
		{E692786F-AABF-4FE3-9A75-912DD48462F7}.Debug|x64.ActiveCfg = Debug|Any CPU
		{E692786F-AABF-4FE3-9A75-912DD48462F7}.Debug|x64.Build.0 = Debug|Any CPU
		{E692786F-AABF-4FE3-9A75-912DD48462F7}.Release|Any CPU.ActiveCfg = Release|Any CPU
		{E692786F-AABF-4FE3-9A75-912DD48462F7}.Release|Any CPU.Build.0 = Release|Any CPU
		{E692786F-AABF-4FE3-9A75-912DD48462F7}.Release|x64.ActiveCfg = Release|Any CPU
		{E692786F-AABF-4FE3-9A75-912DD48462F7}.Release|x64.Build.0 = Release|Any CPU
		{0CA7A64E-7AC7-4CB5-A22A-8062D9A0A150}.Debug|Any CPU.ActiveCfg = Debug|Any CPU
		{0CA7A64E-7AC7-4CB5-A22A-8062D9A0A150}.Debug|Any CPU.Build.0 = Debug|Any CPU
		{0CA7A64E-7AC7-4CB5-A22A-8062D9A0A150}.Debug|x64.ActiveCfg = Debug|Any CPU
		{0CA7A64E-7AC7-4CB5-A22A-8062D9A0A150}.Debug|x64.Build.0 = Debug|Any CPU
		{0CA7A64E-7AC7-4CB5-A22A-8062D9A0A150}.Release|Any CPU.ActiveCfg = Release|Any CPU
		{0CA7A64E-7AC7-4CB5-A22A-8062D9A0A150}.Release|Any CPU.Build.0 = Release|Any CPU
		{0CA7A64E-7AC7-4CB5-A22A-8062D9A0A150}.Release|x64.ActiveCfg = Release|Any CPU
		{0CA7A64E-7AC7-4CB5-A22A-8062D9A0A150}.Release|x64.Build.0 = Release|Any CPU
		{25935D90-D4D4-4A69-AB9C-F5DB6A8BA061}.Debug|Any CPU.ActiveCfg = Debug|Any CPU
		{25935D90-D4D4-4A69-AB9C-F5DB6A8BA061}.Debug|Any CPU.Build.0 = Debug|Any CPU
		{25935D90-D4D4-4A69-AB9C-F5DB6A8BA061}.Debug|x64.ActiveCfg = Debug|Any CPU
		{25935D90-D4D4-4A69-AB9C-F5DB6A8BA061}.Debug|x64.Build.0 = Debug|Any CPU
		{25935D90-D4D4-4A69-AB9C-F5DB6A8BA061}.Release|Any CPU.ActiveCfg = Release|Any CPU
		{25935D90-D4D4-4A69-AB9C-F5DB6A8BA061}.Release|Any CPU.Build.0 = Release|Any CPU
		{25935D90-D4D4-4A69-AB9C-F5DB6A8BA061}.Release|x64.ActiveCfg = Release|Any CPU
		{25935D90-D4D4-4A69-AB9C-F5DB6A8BA061}.Release|x64.Build.0 = Release|Any CPU
		{0AC1F035-FDF9-4F60-9F6C-06E23028B203}.Debug|Any CPU.ActiveCfg = Debug|Any CPU
		{0AC1F035-FDF9-4F60-9F6C-06E23028B203}.Debug|Any CPU.Build.0 = Debug|Any CPU
		{0AC1F035-FDF9-4F60-9F6C-06E23028B203}.Debug|x64.ActiveCfg = Debug|Any CPU
		{0AC1F035-FDF9-4F60-9F6C-06E23028B203}.Debug|x64.Build.0 = Debug|Any CPU
		{0AC1F035-FDF9-4F60-9F6C-06E23028B203}.Release|Any CPU.ActiveCfg = Release|Any CPU
		{0AC1F035-FDF9-4F60-9F6C-06E23028B203}.Release|Any CPU.Build.0 = Release|Any CPU
		{0AC1F035-FDF9-4F60-9F6C-06E23028B203}.Release|x64.ActiveCfg = Release|Any CPU
		{0AC1F035-FDF9-4F60-9F6C-06E23028B203}.Release|x64.Build.0 = Release|Any CPU
		{E62E6BED-AB58-41E9-B3ED-191E9B5B7554}.Debug|Any CPU.ActiveCfg = Debug|Any CPU
		{E62E6BED-AB58-41E9-B3ED-191E9B5B7554}.Debug|Any CPU.Build.0 = Debug|Any CPU
		{E62E6BED-AB58-41E9-B3ED-191E9B5B7554}.Debug|x64.ActiveCfg = Debug|Any CPU
		{E62E6BED-AB58-41E9-B3ED-191E9B5B7554}.Debug|x64.Build.0 = Debug|Any CPU
		{E62E6BED-AB58-41E9-B3ED-191E9B5B7554}.Release|Any CPU.ActiveCfg = Release|Any CPU
		{E62E6BED-AB58-41E9-B3ED-191E9B5B7554}.Release|Any CPU.Build.0 = Release|Any CPU
		{E62E6BED-AB58-41E9-B3ED-191E9B5B7554}.Release|x64.ActiveCfg = Release|Any CPU
		{E62E6BED-AB58-41E9-B3ED-191E9B5B7554}.Release|x64.Build.0 = Release|Any CPU
		{2B17354C-4BA0-448C-AB8D-8E43210ADD04}.Debug|Any CPU.ActiveCfg = Debug|Any CPU
		{2B17354C-4BA0-448C-AB8D-8E43210ADD04}.Debug|Any CPU.Build.0 = Debug|Any CPU
		{2B17354C-4BA0-448C-AB8D-8E43210ADD04}.Debug|x64.ActiveCfg = Debug|Any CPU
		{2B17354C-4BA0-448C-AB8D-8E43210ADD04}.Debug|x64.Build.0 = Debug|Any CPU
		{2B17354C-4BA0-448C-AB8D-8E43210ADD04}.Release|Any CPU.ActiveCfg = Release|Any CPU
		{2B17354C-4BA0-448C-AB8D-8E43210ADD04}.Release|Any CPU.Build.0 = Release|Any CPU
		{2B17354C-4BA0-448C-AB8D-8E43210ADD04}.Release|x64.ActiveCfg = Release|Any CPU
		{2B17354C-4BA0-448C-AB8D-8E43210ADD04}.Release|x64.Build.0 = Release|Any CPU
		{6CD6DC67-2E82-4966-B2BE-9FCBC14CA75B}.Debug|Any CPU.ActiveCfg = Debug|Any CPU
		{6CD6DC67-2E82-4966-B2BE-9FCBC14CA75B}.Debug|Any CPU.Build.0 = Debug|Any CPU
		{6CD6DC67-2E82-4966-B2BE-9FCBC14CA75B}.Debug|x64.ActiveCfg = Debug|Any CPU
		{6CD6DC67-2E82-4966-B2BE-9FCBC14CA75B}.Debug|x64.Build.0 = Debug|Any CPU
		{6CD6DC67-2E82-4966-B2BE-9FCBC14CA75B}.Release|Any CPU.ActiveCfg = Release|Any CPU
		{6CD6DC67-2E82-4966-B2BE-9FCBC14CA75B}.Release|Any CPU.Build.0 = Release|Any CPU
		{6CD6DC67-2E82-4966-B2BE-9FCBC14CA75B}.Release|x64.ActiveCfg = Release|Any CPU
		{6CD6DC67-2E82-4966-B2BE-9FCBC14CA75B}.Release|x64.Build.0 = Release|Any CPU
		{7DDAB91F-A863-4541-BE21-82020F47A30C}.Debug|Any CPU.ActiveCfg = Debug|Any CPU
		{7DDAB91F-A863-4541-BE21-82020F47A30C}.Debug|Any CPU.Build.0 = Debug|Any CPU
		{7DDAB91F-A863-4541-BE21-82020F47A30C}.Debug|x64.ActiveCfg = Debug|Any CPU
		{7DDAB91F-A863-4541-BE21-82020F47A30C}.Debug|x64.Build.0 = Debug|Any CPU
		{7DDAB91F-A863-4541-BE21-82020F47A30C}.Release|Any CPU.ActiveCfg = Release|Any CPU
		{7DDAB91F-A863-4541-BE21-82020F47A30C}.Release|Any CPU.Build.0 = Release|Any CPU
		{7DDAB91F-A863-4541-BE21-82020F47A30C}.Release|x64.ActiveCfg = Release|Any CPU
		{7DDAB91F-A863-4541-BE21-82020F47A30C}.Release|x64.Build.0 = Release|Any CPU
		{EEB273AB-84AA-4021-970E-BFCADF12FD82}.Debug|Any CPU.ActiveCfg = Debug|Any CPU
		{EEB273AB-84AA-4021-970E-BFCADF12FD82}.Debug|Any CPU.Build.0 = Debug|Any CPU
		{EEB273AB-84AA-4021-970E-BFCADF12FD82}.Debug|x64.ActiveCfg = Debug|Any CPU
		{EEB273AB-84AA-4021-970E-BFCADF12FD82}.Debug|x64.Build.0 = Debug|Any CPU
		{EEB273AB-84AA-4021-970E-BFCADF12FD82}.Release|Any CPU.ActiveCfg = Release|Any CPU
		{EEB273AB-84AA-4021-970E-BFCADF12FD82}.Release|Any CPU.Build.0 = Release|Any CPU
		{EEB273AB-84AA-4021-970E-BFCADF12FD82}.Release|x64.ActiveCfg = Release|Any CPU
		{EEB273AB-84AA-4021-970E-BFCADF12FD82}.Release|x64.Build.0 = Release|Any CPU
		{B4BAC4B5-4E9E-464B-A729-D4DC9F2B5D53}.Debug|Any CPU.ActiveCfg = Debug|Any CPU
		{B4BAC4B5-4E9E-464B-A729-D4DC9F2B5D53}.Debug|Any CPU.Build.0 = Debug|Any CPU
		{B4BAC4B5-4E9E-464B-A729-D4DC9F2B5D53}.Debug|x64.ActiveCfg = Debug|Any CPU
		{B4BAC4B5-4E9E-464B-A729-D4DC9F2B5D53}.Debug|x64.Build.0 = Debug|Any CPU
		{B4BAC4B5-4E9E-464B-A729-D4DC9F2B5D53}.Release|Any CPU.ActiveCfg = Release|Any CPU
		{B4BAC4B5-4E9E-464B-A729-D4DC9F2B5D53}.Release|Any CPU.Build.0 = Release|Any CPU
		{B4BAC4B5-4E9E-464B-A729-D4DC9F2B5D53}.Release|x64.ActiveCfg = Release|Any CPU
		{B4BAC4B5-4E9E-464B-A729-D4DC9F2B5D53}.Release|x64.Build.0 = Release|Any CPU
		{C93A9E8A-BC6B-4F0C-B86F-3FE8EE147B0A}.Debug|Any CPU.ActiveCfg = Debug|Any CPU
		{C93A9E8A-BC6B-4F0C-B86F-3FE8EE147B0A}.Debug|Any CPU.Build.0 = Debug|Any CPU
		{C93A9E8A-BC6B-4F0C-B86F-3FE8EE147B0A}.Debug|x64.ActiveCfg = Debug|Any CPU
		{C93A9E8A-BC6B-4F0C-B86F-3FE8EE147B0A}.Debug|x64.Build.0 = Debug|Any CPU
		{C93A9E8A-BC6B-4F0C-B86F-3FE8EE147B0A}.Release|Any CPU.ActiveCfg = Release|Any CPU
		{C93A9E8A-BC6B-4F0C-B86F-3FE8EE147B0A}.Release|Any CPU.Build.0 = Release|Any CPU
		{C93A9E8A-BC6B-4F0C-B86F-3FE8EE147B0A}.Release|x64.ActiveCfg = Release|Any CPU
		{C93A9E8A-BC6B-4F0C-B86F-3FE8EE147B0A}.Release|x64.Build.0 = Release|Any CPU
		{6222CD73-CAF3-4D62-AE0E-04179C34ACCA}.Debug|Any CPU.ActiveCfg = Debug|Any CPU
		{6222CD73-CAF3-4D62-AE0E-04179C34ACCA}.Debug|Any CPU.Build.0 = Debug|Any CPU
		{6222CD73-CAF3-4D62-AE0E-04179C34ACCA}.Debug|x64.ActiveCfg = Debug|Any CPU
		{6222CD73-CAF3-4D62-AE0E-04179C34ACCA}.Debug|x64.Build.0 = Debug|Any CPU
		{6222CD73-CAF3-4D62-AE0E-04179C34ACCA}.Release|Any CPU.ActiveCfg = Release|Any CPU
		{6222CD73-CAF3-4D62-AE0E-04179C34ACCA}.Release|Any CPU.Build.0 = Release|Any CPU
		{6222CD73-CAF3-4D62-AE0E-04179C34ACCA}.Release|x64.ActiveCfg = Release|Any CPU
		{6222CD73-CAF3-4D62-AE0E-04179C34ACCA}.Release|x64.Build.0 = Release|Any CPU
		{AA839E49-A281-494E-81A1-68697A481BF8}.Debug|Any CPU.ActiveCfg = Debug|Any CPU
		{AA839E49-A281-494E-81A1-68697A481BF8}.Debug|Any CPU.Build.0 = Debug|Any CPU
		{AA839E49-A281-494E-81A1-68697A481BF8}.Debug|x64.ActiveCfg = Debug|Any CPU
		{AA839E49-A281-494E-81A1-68697A481BF8}.Debug|x64.Build.0 = Debug|Any CPU
		{AA839E49-A281-494E-81A1-68697A481BF8}.Release|Any CPU.ActiveCfg = Release|Any CPU
		{AA839E49-A281-494E-81A1-68697A481BF8}.Release|Any CPU.Build.0 = Release|Any CPU
		{AA839E49-A281-494E-81A1-68697A481BF8}.Release|x64.ActiveCfg = Release|Any CPU
		{AA839E49-A281-494E-81A1-68697A481BF8}.Release|x64.Build.0 = Release|Any CPU
		{F9003823-B2B1-41ED-A0FA-771467197C85}.Debug|Any CPU.ActiveCfg = Debug|Any CPU
		{F9003823-B2B1-41ED-A0FA-771467197C85}.Debug|Any CPU.Build.0 = Debug|Any CPU
		{F9003823-B2B1-41ED-A0FA-771467197C85}.Debug|x64.ActiveCfg = Debug|Any CPU
		{F9003823-B2B1-41ED-A0FA-771467197C85}.Debug|x64.Build.0 = Debug|Any CPU
		{F9003823-B2B1-41ED-A0FA-771467197C85}.Release|Any CPU.ActiveCfg = Release|Any CPU
		{F9003823-B2B1-41ED-A0FA-771467197C85}.Release|Any CPU.Build.0 = Release|Any CPU
		{F9003823-B2B1-41ED-A0FA-771467197C85}.Release|x64.ActiveCfg = Release|Any CPU
		{F9003823-B2B1-41ED-A0FA-771467197C85}.Release|x64.Build.0 = Release|Any CPU
		{38686FB5-665C-4530-8AF5-3C47B457980F}.Debug|Any CPU.ActiveCfg = Debug|Any CPU
		{38686FB5-665C-4530-8AF5-3C47B457980F}.Debug|Any CPU.Build.0 = Debug|Any CPU
		{38686FB5-665C-4530-8AF5-3C47B457980F}.Debug|x64.ActiveCfg = Debug|Any CPU
		{38686FB5-665C-4530-8AF5-3C47B457980F}.Debug|x64.Build.0 = Debug|Any CPU
		{38686FB5-665C-4530-8AF5-3C47B457980F}.Release|Any CPU.ActiveCfg = Release|Any CPU
		{38686FB5-665C-4530-8AF5-3C47B457980F}.Release|Any CPU.Build.0 = Release|Any CPU
		{38686FB5-665C-4530-8AF5-3C47B457980F}.Release|x64.ActiveCfg = Release|Any CPU
		{38686FB5-665C-4530-8AF5-3C47B457980F}.Release|x64.Build.0 = Release|Any CPU
		{9DE7564E-BAA6-4C49-93C7-497AD75A4C26}.Debug|Any CPU.ActiveCfg = Debug|Any CPU
		{9DE7564E-BAA6-4C49-93C7-497AD75A4C26}.Debug|Any CPU.Build.0 = Debug|Any CPU
		{9DE7564E-BAA6-4C49-93C7-497AD75A4C26}.Debug|x64.ActiveCfg = Debug|Any CPU
		{9DE7564E-BAA6-4C49-93C7-497AD75A4C26}.Debug|x64.Build.0 = Debug|Any CPU
		{9DE7564E-BAA6-4C49-93C7-497AD75A4C26}.Release|Any CPU.ActiveCfg = Release|Any CPU
		{9DE7564E-BAA6-4C49-93C7-497AD75A4C26}.Release|Any CPU.Build.0 = Release|Any CPU
		{9DE7564E-BAA6-4C49-93C7-497AD75A4C26}.Release|x64.ActiveCfg = Release|Any CPU
		{9DE7564E-BAA6-4C49-93C7-497AD75A4C26}.Release|x64.Build.0 = Release|Any CPU
		{BB649A4B-FF1F-482E-BF8B-A91D1B4A90B2}.Debug|Any CPU.ActiveCfg = Debug|Any CPU
		{BB649A4B-FF1F-482E-BF8B-A91D1B4A90B2}.Debug|Any CPU.Build.0 = Debug|Any CPU
		{BB649A4B-FF1F-482E-BF8B-A91D1B4A90B2}.Debug|x64.ActiveCfg = Debug|Any CPU
		{BB649A4B-FF1F-482E-BF8B-A91D1B4A90B2}.Debug|x64.Build.0 = Debug|Any CPU
		{BB649A4B-FF1F-482E-BF8B-A91D1B4A90B2}.Release|Any CPU.ActiveCfg = Release|Any CPU
		{BB649A4B-FF1F-482E-BF8B-A91D1B4A90B2}.Release|Any CPU.Build.0 = Release|Any CPU
		{BB649A4B-FF1F-482E-BF8B-A91D1B4A90B2}.Release|x64.ActiveCfg = Release|Any CPU
		{BB649A4B-FF1F-482E-BF8B-A91D1B4A90B2}.Release|x64.Build.0 = Release|Any CPU
		{01FB15FC-BCD3-45DD-8F27-49857EC86457}.Debug|Any CPU.ActiveCfg = Debug|Any CPU
		{01FB15FC-BCD3-45DD-8F27-49857EC86457}.Debug|Any CPU.Build.0 = Debug|Any CPU
		{01FB15FC-BCD3-45DD-8F27-49857EC86457}.Debug|x64.ActiveCfg = Debug|Any CPU
		{01FB15FC-BCD3-45DD-8F27-49857EC86457}.Debug|x64.Build.0 = Debug|Any CPU
		{01FB15FC-BCD3-45DD-8F27-49857EC86457}.Release|Any CPU.ActiveCfg = Release|Any CPU
		{01FB15FC-BCD3-45DD-8F27-49857EC86457}.Release|Any CPU.Build.0 = Release|Any CPU
		{01FB15FC-BCD3-45DD-8F27-49857EC86457}.Release|x64.ActiveCfg = Release|Any CPU
		{01FB15FC-BCD3-45DD-8F27-49857EC86457}.Release|x64.Build.0 = Release|Any CPU
		{6D4FC381-397A-4CBA-BF3A-FA8654F6A871}.Debug|Any CPU.ActiveCfg = Debug|Any CPU
		{6D4FC381-397A-4CBA-BF3A-FA8654F6A871}.Debug|Any CPU.Build.0 = Debug|Any CPU
		{6D4FC381-397A-4CBA-BF3A-FA8654F6A871}.Debug|x64.ActiveCfg = Debug|Any CPU
		{6D4FC381-397A-4CBA-BF3A-FA8654F6A871}.Debug|x64.Build.0 = Debug|Any CPU
		{6D4FC381-397A-4CBA-BF3A-FA8654F6A871}.Release|Any CPU.ActiveCfg = Release|Any CPU
		{6D4FC381-397A-4CBA-BF3A-FA8654F6A871}.Release|Any CPU.Build.0 = Release|Any CPU
		{6D4FC381-397A-4CBA-BF3A-FA8654F6A871}.Release|x64.ActiveCfg = Release|Any CPU
		{6D4FC381-397A-4CBA-BF3A-FA8654F6A871}.Release|x64.Build.0 = Release|Any CPU
		{A9E0EB3F-88D9-42DB-AE88-1753A3F411D1}.Debug|Any CPU.ActiveCfg = Debug|Any CPU
		{A9E0EB3F-88D9-42DB-AE88-1753A3F411D1}.Debug|Any CPU.Build.0 = Debug|Any CPU
		{A9E0EB3F-88D9-42DB-AE88-1753A3F411D1}.Debug|x64.ActiveCfg = Debug|Any CPU
		{A9E0EB3F-88D9-42DB-AE88-1753A3F411D1}.Debug|x64.Build.0 = Debug|Any CPU
		{A9E0EB3F-88D9-42DB-AE88-1753A3F411D1}.Release|Any CPU.ActiveCfg = Release|Any CPU
		{A9E0EB3F-88D9-42DB-AE88-1753A3F411D1}.Release|Any CPU.Build.0 = Release|Any CPU
		{A9E0EB3F-88D9-42DB-AE88-1753A3F411D1}.Release|x64.ActiveCfg = Release|Any CPU
		{A9E0EB3F-88D9-42DB-AE88-1753A3F411D1}.Release|x64.Build.0 = Release|Any CPU
		{40987DF3-00EF-4CD4-891B-2AD85B7A266B}.Debug|Any CPU.ActiveCfg = Debug|Any CPU
		{40987DF3-00EF-4CD4-891B-2AD85B7A266B}.Debug|Any CPU.Build.0 = Debug|Any CPU
		{40987DF3-00EF-4CD4-891B-2AD85B7A266B}.Debug|x64.ActiveCfg = Debug|Any CPU
		{40987DF3-00EF-4CD4-891B-2AD85B7A266B}.Debug|x64.Build.0 = Debug|Any CPU
		{40987DF3-00EF-4CD4-891B-2AD85B7A266B}.Release|Any CPU.ActiveCfg = Release|Any CPU
		{40987DF3-00EF-4CD4-891B-2AD85B7A266B}.Release|Any CPU.Build.0 = Release|Any CPU
		{40987DF3-00EF-4CD4-891B-2AD85B7A266B}.Release|x64.ActiveCfg = Release|Any CPU
		{40987DF3-00EF-4CD4-891B-2AD85B7A266B}.Release|x64.Build.0 = Release|Any CPU
		{DBB1D6A9-9B32-43DE-8C87-C4D5FAFB3AE8}.Debug|Any CPU.ActiveCfg = Debug|Any CPU
		{DBB1D6A9-9B32-43DE-8C87-C4D5FAFB3AE8}.Debug|Any CPU.Build.0 = Debug|Any CPU
		{DBB1D6A9-9B32-43DE-8C87-C4D5FAFB3AE8}.Debug|x64.ActiveCfg = Debug|Any CPU
		{DBB1D6A9-9B32-43DE-8C87-C4D5FAFB3AE8}.Debug|x64.Build.0 = Debug|Any CPU
		{DBB1D6A9-9B32-43DE-8C87-C4D5FAFB3AE8}.Release|Any CPU.ActiveCfg = Release|Any CPU
		{DBB1D6A9-9B32-43DE-8C87-C4D5FAFB3AE8}.Release|Any CPU.Build.0 = Release|Any CPU
		{DBB1D6A9-9B32-43DE-8C87-C4D5FAFB3AE8}.Release|x64.ActiveCfg = Release|Any CPU
		{DBB1D6A9-9B32-43DE-8C87-C4D5FAFB3AE8}.Release|x64.Build.0 = Release|Any CPU
		{9AD50AA9-1693-4852-9AEE-17C94FE36130}.Debug|Any CPU.ActiveCfg = Debug|Any CPU
		{9AD50AA9-1693-4852-9AEE-17C94FE36130}.Debug|Any CPU.Build.0 = Debug|Any CPU
		{9AD50AA9-1693-4852-9AEE-17C94FE36130}.Debug|x64.ActiveCfg = Debug|Any CPU
		{9AD50AA9-1693-4852-9AEE-17C94FE36130}.Debug|x64.Build.0 = Debug|Any CPU
		{9AD50AA9-1693-4852-9AEE-17C94FE36130}.Release|Any CPU.ActiveCfg = Release|Any CPU
		{9AD50AA9-1693-4852-9AEE-17C94FE36130}.Release|Any CPU.Build.0 = Release|Any CPU
		{9AD50AA9-1693-4852-9AEE-17C94FE36130}.Release|x64.ActiveCfg = Release|Any CPU
		{9AD50AA9-1693-4852-9AEE-17C94FE36130}.Release|x64.Build.0 = Release|Any CPU
		{333688F4-4E3E-476A-8D54-EDE70505F7A8}.Debug|Any CPU.ActiveCfg = Debug|Any CPU
		{333688F4-4E3E-476A-8D54-EDE70505F7A8}.Debug|Any CPU.Build.0 = Debug|Any CPU
		{333688F4-4E3E-476A-8D54-EDE70505F7A8}.Debug|x64.ActiveCfg = Debug|Any CPU
		{333688F4-4E3E-476A-8D54-EDE70505F7A8}.Debug|x64.Build.0 = Debug|Any CPU
		{333688F4-4E3E-476A-8D54-EDE70505F7A8}.Release|Any CPU.ActiveCfg = Release|Any CPU
		{333688F4-4E3E-476A-8D54-EDE70505F7A8}.Release|Any CPU.Build.0 = Release|Any CPU
		{333688F4-4E3E-476A-8D54-EDE70505F7A8}.Release|x64.ActiveCfg = Release|Any CPU
		{333688F4-4E3E-476A-8D54-EDE70505F7A8}.Release|x64.Build.0 = Release|Any CPU
		{BE00FBA2-E7A5-4C17-95B2-6F4E2B0CFF07}.Debug|Any CPU.ActiveCfg = Debug|Any CPU
		{BE00FBA2-E7A5-4C17-95B2-6F4E2B0CFF07}.Debug|Any CPU.Build.0 = Debug|Any CPU
		{BE00FBA2-E7A5-4C17-95B2-6F4E2B0CFF07}.Debug|x64.ActiveCfg = Debug|Any CPU
		{BE00FBA2-E7A5-4C17-95B2-6F4E2B0CFF07}.Debug|x64.Build.0 = Debug|Any CPU
		{BE00FBA2-E7A5-4C17-95B2-6F4E2B0CFF07}.Release|Any CPU.ActiveCfg = Release|Any CPU
		{BE00FBA2-E7A5-4C17-95B2-6F4E2B0CFF07}.Release|Any CPU.Build.0 = Release|Any CPU
		{BE00FBA2-E7A5-4C17-95B2-6F4E2B0CFF07}.Release|x64.ActiveCfg = Release|Any CPU
		{BE00FBA2-E7A5-4C17-95B2-6F4E2B0CFF07}.Release|x64.Build.0 = Release|Any CPU
		{CD3D733A-F3A7-46A4-8BDD-6A6918003586}.Debug|Any CPU.ActiveCfg = Debug|Any CPU
		{CD3D733A-F3A7-46A4-8BDD-6A6918003586}.Debug|Any CPU.Build.0 = Debug|Any CPU
		{CD3D733A-F3A7-46A4-8BDD-6A6918003586}.Debug|x64.ActiveCfg = Debug|Any CPU
		{CD3D733A-F3A7-46A4-8BDD-6A6918003586}.Debug|x64.Build.0 = Debug|Any CPU
		{CD3D733A-F3A7-46A4-8BDD-6A6918003586}.Release|Any CPU.ActiveCfg = Release|Any CPU
		{CD3D733A-F3A7-46A4-8BDD-6A6918003586}.Release|Any CPU.Build.0 = Release|Any CPU
		{CD3D733A-F3A7-46A4-8BDD-6A6918003586}.Release|x64.ActiveCfg = Release|Any CPU
		{CD3D733A-F3A7-46A4-8BDD-6A6918003586}.Release|x64.Build.0 = Release|Any CPU
		{C8BADB0E-F8AE-488A-85D0-21EB8F9914D4}.Debug|Any CPU.ActiveCfg = Debug|Any CPU
		{C8BADB0E-F8AE-488A-85D0-21EB8F9914D4}.Debug|Any CPU.Build.0 = Debug|Any CPU
		{C8BADB0E-F8AE-488A-85D0-21EB8F9914D4}.Debug|x64.ActiveCfg = Debug|Any CPU
		{C8BADB0E-F8AE-488A-85D0-21EB8F9914D4}.Debug|x64.Build.0 = Debug|Any CPU
		{C8BADB0E-F8AE-488A-85D0-21EB8F9914D4}.Release|Any CPU.ActiveCfg = Release|Any CPU
		{C8BADB0E-F8AE-488A-85D0-21EB8F9914D4}.Release|Any CPU.Build.0 = Release|Any CPU
		{C8BADB0E-F8AE-488A-85D0-21EB8F9914D4}.Release|x64.ActiveCfg = Release|Any CPU
		{C8BADB0E-F8AE-488A-85D0-21EB8F9914D4}.Release|x64.Build.0 = Release|Any CPU
		{680E2224-29C1-41FF-AAE8-56D20A6E67E1}.Debug|Any CPU.ActiveCfg = Debug|Any CPU
		{680E2224-29C1-41FF-AAE8-56D20A6E67E1}.Debug|Any CPU.Build.0 = Debug|Any CPU
		{680E2224-29C1-41FF-AAE8-56D20A6E67E1}.Debug|x64.ActiveCfg = Debug|Any CPU
		{680E2224-29C1-41FF-AAE8-56D20A6E67E1}.Debug|x64.Build.0 = Debug|Any CPU
		{680E2224-29C1-41FF-AAE8-56D20A6E67E1}.Release|Any CPU.ActiveCfg = Release|Any CPU
		{680E2224-29C1-41FF-AAE8-56D20A6E67E1}.Release|Any CPU.Build.0 = Release|Any CPU
		{680E2224-29C1-41FF-AAE8-56D20A6E67E1}.Release|x64.ActiveCfg = Release|Any CPU
		{680E2224-29C1-41FF-AAE8-56D20A6E67E1}.Release|x64.Build.0 = Release|Any CPU
		{1889F3E0-35FA-4C99-8556-5429DDC014C8}.Debug|Any CPU.ActiveCfg = Debug|Any CPU
		{1889F3E0-35FA-4C99-8556-5429DDC014C8}.Debug|Any CPU.Build.0 = Debug|Any CPU
		{1889F3E0-35FA-4C99-8556-5429DDC014C8}.Debug|x64.ActiveCfg = Debug|Any CPU
		{1889F3E0-35FA-4C99-8556-5429DDC014C8}.Debug|x64.Build.0 = Debug|Any CPU
		{1889F3E0-35FA-4C99-8556-5429DDC014C8}.Release|Any CPU.ActiveCfg = Release|Any CPU
		{1889F3E0-35FA-4C99-8556-5429DDC014C8}.Release|Any CPU.Build.0 = Release|Any CPU
		{1889F3E0-35FA-4C99-8556-5429DDC014C8}.Release|x64.ActiveCfg = Release|Any CPU
		{1889F3E0-35FA-4C99-8556-5429DDC014C8}.Release|x64.Build.0 = Release|Any CPU
		{068708D4-83C7-48B9-B501-5C39634A99C8}.Debug|Any CPU.ActiveCfg = Debug|Any CPU
		{068708D4-83C7-48B9-B501-5C39634A99C8}.Debug|Any CPU.Build.0 = Debug|Any CPU
		{068708D4-83C7-48B9-B501-5C39634A99C8}.Debug|x64.ActiveCfg = Debug|Any CPU
		{068708D4-83C7-48B9-B501-5C39634A99C8}.Debug|x64.Build.0 = Debug|Any CPU
		{068708D4-83C7-48B9-B501-5C39634A99C8}.Release|Any CPU.ActiveCfg = Release|Any CPU
		{068708D4-83C7-48B9-B501-5C39634A99C8}.Release|Any CPU.Build.0 = Release|Any CPU
		{068708D4-83C7-48B9-B501-5C39634A99C8}.Release|x64.ActiveCfg = Release|Any CPU
		{068708D4-83C7-48B9-B501-5C39634A99C8}.Release|x64.Build.0 = Release|Any CPU
		{BB2DB1FD-900D-426C-A008-AB8F27823C82}.Debug|Any CPU.ActiveCfg = Debug|Any CPU
		{BB2DB1FD-900D-426C-A008-AB8F27823C82}.Debug|Any CPU.Build.0 = Debug|Any CPU
		{BB2DB1FD-900D-426C-A008-AB8F27823C82}.Debug|x64.ActiveCfg = Debug|Any CPU
		{BB2DB1FD-900D-426C-A008-AB8F27823C82}.Debug|x64.Build.0 = Debug|Any CPU
		{BB2DB1FD-900D-426C-A008-AB8F27823C82}.Release|Any CPU.ActiveCfg = Release|Any CPU
		{BB2DB1FD-900D-426C-A008-AB8F27823C82}.Release|Any CPU.Build.0 = Release|Any CPU
		{BB2DB1FD-900D-426C-A008-AB8F27823C82}.Release|x64.ActiveCfg = Release|Any CPU
		{BB2DB1FD-900D-426C-A008-AB8F27823C82}.Release|x64.Build.0 = Release|Any CPU
		{85475DAF-47F4-475C-B55E-527912000468}.Debug|Any CPU.ActiveCfg = Debug|Any CPU
		{85475DAF-47F4-475C-B55E-527912000468}.Debug|Any CPU.Build.0 = Debug|Any CPU
		{85475DAF-47F4-475C-B55E-527912000468}.Debug|x64.ActiveCfg = Debug|Any CPU
		{85475DAF-47F4-475C-B55E-527912000468}.Debug|x64.Build.0 = Debug|Any CPU
		{85475DAF-47F4-475C-B55E-527912000468}.Release|Any CPU.ActiveCfg = Release|Any CPU
		{85475DAF-47F4-475C-B55E-527912000468}.Release|Any CPU.Build.0 = Release|Any CPU
		{85475DAF-47F4-475C-B55E-527912000468}.Release|x64.ActiveCfg = Release|Any CPU
		{85475DAF-47F4-475C-B55E-527912000468}.Release|x64.Build.0 = Release|Any CPU
		{C0199F23-BD47-412C-83F5-AF32A1FFE156}.Debug|Any CPU.ActiveCfg = Debug|Any CPU
		{C0199F23-BD47-412C-83F5-AF32A1FFE156}.Debug|Any CPU.Build.0 = Debug|Any CPU
		{C0199F23-BD47-412C-83F5-AF32A1FFE156}.Debug|x64.ActiveCfg = Debug|Any CPU
		{C0199F23-BD47-412C-83F5-AF32A1FFE156}.Debug|x64.Build.0 = Debug|Any CPU
		{C0199F23-BD47-412C-83F5-AF32A1FFE156}.Release|Any CPU.ActiveCfg = Release|Any CPU
		{C0199F23-BD47-412C-83F5-AF32A1FFE156}.Release|Any CPU.Build.0 = Release|Any CPU
		{C0199F23-BD47-412C-83F5-AF32A1FFE156}.Release|x64.ActiveCfg = Release|Any CPU
		{C0199F23-BD47-412C-83F5-AF32A1FFE156}.Release|x64.Build.0 = Release|Any CPU
		{8A46A788-1A87-4B24-9F15-FAB644A104D5}.Debug|Any CPU.ActiveCfg = Debug|Any CPU
		{8A46A788-1A87-4B24-9F15-FAB644A104D5}.Debug|Any CPU.Build.0 = Debug|Any CPU
		{8A46A788-1A87-4B24-9F15-FAB644A104D5}.Debug|x64.ActiveCfg = Debug|Any CPU
		{8A46A788-1A87-4B24-9F15-FAB644A104D5}.Debug|x64.Build.0 = Debug|Any CPU
		{8A46A788-1A87-4B24-9F15-FAB644A104D5}.Release|Any CPU.ActiveCfg = Release|Any CPU
		{8A46A788-1A87-4B24-9F15-FAB644A104D5}.Release|Any CPU.Build.0 = Release|Any CPU
		{8A46A788-1A87-4B24-9F15-FAB644A104D5}.Release|x64.ActiveCfg = Release|Any CPU
		{8A46A788-1A87-4B24-9F15-FAB644A104D5}.Release|x64.Build.0 = Release|Any CPU
		{5E4678D8-A0DD-4EED-853E-06D3BAF2A9C8}.Debug|Any CPU.ActiveCfg = Debug|Any CPU
		{5E4678D8-A0DD-4EED-853E-06D3BAF2A9C8}.Debug|Any CPU.Build.0 = Debug|Any CPU
		{5E4678D8-A0DD-4EED-853E-06D3BAF2A9C8}.Debug|x64.ActiveCfg = Debug|Any CPU
		{5E4678D8-A0DD-4EED-853E-06D3BAF2A9C8}.Debug|x64.Build.0 = Debug|Any CPU
		{5E4678D8-A0DD-4EED-853E-06D3BAF2A9C8}.Release|Any CPU.ActiveCfg = Release|Any CPU
		{5E4678D8-A0DD-4EED-853E-06D3BAF2A9C8}.Release|Any CPU.Build.0 = Release|Any CPU
		{5E4678D8-A0DD-4EED-853E-06D3BAF2A9C8}.Release|x64.ActiveCfg = Release|Any CPU
		{5E4678D8-A0DD-4EED-853E-06D3BAF2A9C8}.Release|x64.Build.0 = Release|Any CPU
		{9212C2A9-8AC8-445A-9DA5-E80E55B4AFAD}.Debug|Any CPU.ActiveCfg = Debug|Any CPU
		{9212C2A9-8AC8-445A-9DA5-E80E55B4AFAD}.Debug|Any CPU.Build.0 = Debug|Any CPU
		{9212C2A9-8AC8-445A-9DA5-E80E55B4AFAD}.Debug|x64.ActiveCfg = Debug|Any CPU
		{9212C2A9-8AC8-445A-9DA5-E80E55B4AFAD}.Debug|x64.Build.0 = Debug|Any CPU
		{9212C2A9-8AC8-445A-9DA5-E80E55B4AFAD}.Release|Any CPU.ActiveCfg = Release|Any CPU
		{9212C2A9-8AC8-445A-9DA5-E80E55B4AFAD}.Release|Any CPU.Build.0 = Release|Any CPU
		{9212C2A9-8AC8-445A-9DA5-E80E55B4AFAD}.Release|x64.ActiveCfg = Release|Any CPU
		{9212C2A9-8AC8-445A-9DA5-E80E55B4AFAD}.Release|x64.Build.0 = Release|Any CPU
		{A52D656A-AF79-4689-9E73-C4E2329B3874}.Debug|Any CPU.ActiveCfg = Debug|Any CPU
		{A52D656A-AF79-4689-9E73-C4E2329B3874}.Debug|Any CPU.Build.0 = Debug|Any CPU
		{A52D656A-AF79-4689-9E73-C4E2329B3874}.Debug|x64.ActiveCfg = Debug|Any CPU
		{A52D656A-AF79-4689-9E73-C4E2329B3874}.Debug|x64.Build.0 = Debug|Any CPU
		{A52D656A-AF79-4689-9E73-C4E2329B3874}.Release|Any CPU.ActiveCfg = Release|Any CPU
		{A52D656A-AF79-4689-9E73-C4E2329B3874}.Release|Any CPU.Build.0 = Release|Any CPU
		{A52D656A-AF79-4689-9E73-C4E2329B3874}.Release|x64.ActiveCfg = Release|Any CPU
		{A52D656A-AF79-4689-9E73-C4E2329B3874}.Release|x64.Build.0 = Release|Any CPU
		{245D9B57-2D84-4E32-BE35-68AE646B2559}.Debug|Any CPU.ActiveCfg = Debug|Any CPU
		{245D9B57-2D84-4E32-BE35-68AE646B2559}.Debug|Any CPU.Build.0 = Debug|Any CPU
		{245D9B57-2D84-4E32-BE35-68AE646B2559}.Debug|x64.ActiveCfg = Debug|Any CPU
		{245D9B57-2D84-4E32-BE35-68AE646B2559}.Debug|x64.Build.0 = Debug|Any CPU
		{245D9B57-2D84-4E32-BE35-68AE646B2559}.Release|Any CPU.ActiveCfg = Release|Any CPU
		{245D9B57-2D84-4E32-BE35-68AE646B2559}.Release|Any CPU.Build.0 = Release|Any CPU
		{245D9B57-2D84-4E32-BE35-68AE646B2559}.Release|x64.ActiveCfg = Release|Any CPU
		{245D9B57-2D84-4E32-BE35-68AE646B2559}.Release|x64.Build.0 = Release|Any CPU
		{DC21358F-4050-4994-BE1F-9ADA3D7C51BB}.Debug|Any CPU.ActiveCfg = Debug|Any CPU
		{DC21358F-4050-4994-BE1F-9ADA3D7C51BB}.Debug|Any CPU.Build.0 = Debug|Any CPU
		{DC21358F-4050-4994-BE1F-9ADA3D7C51BB}.Debug|x64.ActiveCfg = Debug|Any CPU
		{DC21358F-4050-4994-BE1F-9ADA3D7C51BB}.Debug|x64.Build.0 = Debug|Any CPU
		{DC21358F-4050-4994-BE1F-9ADA3D7C51BB}.Release|Any CPU.ActiveCfg = Release|Any CPU
		{DC21358F-4050-4994-BE1F-9ADA3D7C51BB}.Release|Any CPU.Build.0 = Release|Any CPU
		{DC21358F-4050-4994-BE1F-9ADA3D7C51BB}.Release|x64.ActiveCfg = Release|Any CPU
		{DC21358F-4050-4994-BE1F-9ADA3D7C51BB}.Release|x64.Build.0 = Release|Any CPU
		{BAB4356F-9BE8-44B3-8CFC-158652792CAA}.Debug|Any CPU.ActiveCfg = Debug|Any CPU
		{BAB4356F-9BE8-44B3-8CFC-158652792CAA}.Debug|Any CPU.Build.0 = Debug|Any CPU
		{BAB4356F-9BE8-44B3-8CFC-158652792CAA}.Debug|x64.ActiveCfg = Debug|Any CPU
		{BAB4356F-9BE8-44B3-8CFC-158652792CAA}.Debug|x64.Build.0 = Debug|Any CPU
		{BAB4356F-9BE8-44B3-8CFC-158652792CAA}.Release|Any CPU.ActiveCfg = Release|Any CPU
		{BAB4356F-9BE8-44B3-8CFC-158652792CAA}.Release|Any CPU.Build.0 = Release|Any CPU
		{BAB4356F-9BE8-44B3-8CFC-158652792CAA}.Release|x64.ActiveCfg = Release|Any CPU
		{BAB4356F-9BE8-44B3-8CFC-158652792CAA}.Release|x64.Build.0 = Release|Any CPU
		{89B0B5C6-9318-40F4-80F2-E1B46C13FD2D}.Debug|Any CPU.ActiveCfg = Debug|Any CPU
		{89B0B5C6-9318-40F4-80F2-E1B46C13FD2D}.Debug|Any CPU.Build.0 = Debug|Any CPU
		{89B0B5C6-9318-40F4-80F2-E1B46C13FD2D}.Debug|x64.ActiveCfg = Debug|Any CPU
		{89B0B5C6-9318-40F4-80F2-E1B46C13FD2D}.Debug|x64.Build.0 = Debug|Any CPU
		{89B0B5C6-9318-40F4-80F2-E1B46C13FD2D}.Release|Any CPU.ActiveCfg = Release|Any CPU
		{89B0B5C6-9318-40F4-80F2-E1B46C13FD2D}.Release|Any CPU.Build.0 = Release|Any CPU
		{89B0B5C6-9318-40F4-80F2-E1B46C13FD2D}.Release|x64.ActiveCfg = Release|Any CPU
		{89B0B5C6-9318-40F4-80F2-E1B46C13FD2D}.Release|x64.Build.0 = Release|Any CPU
		{867E462D-D92C-4068-B917-E59266184757}.Debug|Any CPU.ActiveCfg = Debug|Any CPU
		{867E462D-D92C-4068-B917-E59266184757}.Debug|Any CPU.Build.0 = Debug|Any CPU
		{867E462D-D92C-4068-B917-E59266184757}.Debug|x64.ActiveCfg = Debug|Any CPU
		{867E462D-D92C-4068-B917-E59266184757}.Debug|x64.Build.0 = Debug|Any CPU
		{867E462D-D92C-4068-B917-E59266184757}.Release|Any CPU.ActiveCfg = Release|Any CPU
		{867E462D-D92C-4068-B917-E59266184757}.Release|Any CPU.Build.0 = Release|Any CPU
		{867E462D-D92C-4068-B917-E59266184757}.Release|x64.ActiveCfg = Release|Any CPU
		{867E462D-D92C-4068-B917-E59266184757}.Release|x64.Build.0 = Release|Any CPU
		{D8EBAA79-67C0-44D5-A733-C26DF09F6EAE}.Debug|Any CPU.ActiveCfg = Debug|Any CPU
		{D8EBAA79-67C0-44D5-A733-C26DF09F6EAE}.Debug|Any CPU.Build.0 = Debug|Any CPU
		{D8EBAA79-67C0-44D5-A733-C26DF09F6EAE}.Debug|x64.ActiveCfg = Debug|Any CPU
		{D8EBAA79-67C0-44D5-A733-C26DF09F6EAE}.Debug|x64.Build.0 = Debug|Any CPU
		{D8EBAA79-67C0-44D5-A733-C26DF09F6EAE}.Release|Any CPU.ActiveCfg = Release|Any CPU
		{D8EBAA79-67C0-44D5-A733-C26DF09F6EAE}.Release|Any CPU.Build.0 = Release|Any CPU
		{D8EBAA79-67C0-44D5-A733-C26DF09F6EAE}.Release|x64.ActiveCfg = Release|Any CPU
		{D8EBAA79-67C0-44D5-A733-C26DF09F6EAE}.Release|x64.Build.0 = Release|Any CPU
		{89BB963C-8BC6-4E8F-8EBF-BEAA5A2B43ED}.Debug|Any CPU.ActiveCfg = Debug|Any CPU
		{89BB963C-8BC6-4E8F-8EBF-BEAA5A2B43ED}.Debug|Any CPU.Build.0 = Debug|Any CPU
		{89BB963C-8BC6-4E8F-8EBF-BEAA5A2B43ED}.Debug|x64.ActiveCfg = Debug|Any CPU
		{89BB963C-8BC6-4E8F-8EBF-BEAA5A2B43ED}.Debug|x64.Build.0 = Debug|Any CPU
		{89BB963C-8BC6-4E8F-8EBF-BEAA5A2B43ED}.Release|Any CPU.ActiveCfg = Release|Any CPU
		{89BB963C-8BC6-4E8F-8EBF-BEAA5A2B43ED}.Release|Any CPU.Build.0 = Release|Any CPU
		{89BB963C-8BC6-4E8F-8EBF-BEAA5A2B43ED}.Release|x64.ActiveCfg = Release|Any CPU
		{89BB963C-8BC6-4E8F-8EBF-BEAA5A2B43ED}.Release|x64.Build.0 = Release|Any CPU
		{07155165-96DA-42AC-A541-912B602AE67D}.Debug|Any CPU.ActiveCfg = Debug|Any CPU
		{07155165-96DA-42AC-A541-912B602AE67D}.Debug|Any CPU.Build.0 = Debug|Any CPU
		{07155165-96DA-42AC-A541-912B602AE67D}.Debug|x64.ActiveCfg = Debug|Any CPU
		{07155165-96DA-42AC-A541-912B602AE67D}.Debug|x64.Build.0 = Debug|Any CPU
		{07155165-96DA-42AC-A541-912B602AE67D}.Release|Any CPU.ActiveCfg = Release|Any CPU
		{07155165-96DA-42AC-A541-912B602AE67D}.Release|Any CPU.Build.0 = Release|Any CPU
		{07155165-96DA-42AC-A541-912B602AE67D}.Release|x64.ActiveCfg = Release|Any CPU
		{07155165-96DA-42AC-A541-912B602AE67D}.Release|x64.Build.0 = Release|Any CPU
	EndGlobalSection
	GlobalSection(SolutionProperties) = preSolution
		HideSolutionNode = FALSE
	EndGlobalSection
	GlobalSection(NestedProjects) = preSolution
		{720D359F-49D1-4126-A79B-F63CCE9780A0} = {247DAE24-DD89-4C2C-AF49-E3F862485B92}
		{11702307-F670-4A55-B936-3E468604A584} = {21C98DC0-B35C-414E-BC02-D90AF3494DDC}
		{11C19011-F547-4EC0-8392-685827D3AD4B} = {21C98DC0-B35C-414E-BC02-D90AF3494DDC}
		{5EB84CE6-3248-4237-979C-71D7A34A4C2B} = {21C98DC0-B35C-414E-BC02-D90AF3494DDC}
		{A45E61B1-8C2A-4DBC-BD97-6C88E295C93B} = {21C98DC0-B35C-414E-BC02-D90AF3494DDC}
		{AB7FEBC5-90BB-4786-9CD2-9F7E8D255095} = {247DAE24-DD89-4C2C-AF49-E3F862485B92}
		{D1A8546A-AF73-470F-9836-F78314211F59} = {594BA8BF-8E5C-4E08-80B1-CC93ADDFCC63}
		{62C040D1-DD91-40F8-9C89-9271C34B364A} = {21C98DC0-B35C-414E-BC02-D90AF3494DDC}
		{9582C59E-2F00-4C2A-B96C-DC306306EF64} = {21C98DC0-B35C-414E-BC02-D90AF3494DDC}
		{8B6A9C0E-8DE0-447F-A1E7-5067C8494E72} = {594BA8BF-8E5C-4E08-80B1-CC93ADDFCC63}
		{A1C5AD6E-32A0-43AA-8191-3FB503AC4F8D} = {594BA8BF-8E5C-4E08-80B1-CC93ADDFCC63}
		{20DF2BBE-DB57-4970-A4DA-99C0DB94C40F} = {F44B7FBC-A422-4966-837D-D52DF317F82E}
		{30E121DD-97E2-4998-993E-F64B8E6A7EBA} = {21C98DC0-B35C-414E-BC02-D90AF3494DDC}
		{F2BFFCBD-D8C1-4217-8EF6-3A7861C37051} = {21C98DC0-B35C-414E-BC02-D90AF3494DDC}
		{B346E2EC-3B16-4CD4-B1C7-499755F8613B} = {21C98DC0-B35C-414E-BC02-D90AF3494DDC}
		{35E931D4-265B-413C-B837-09E530321F57} = {21C98DC0-B35C-414E-BC02-D90AF3494DDC}
		{D7A7689B-5972-4357-B2A2-54FF6ADEACDC} = {594BA8BF-8E5C-4E08-80B1-CC93ADDFCC63}
		{50171E07-3148-4F27-AE06-BF8EE2912322} = {21C98DC0-B35C-414E-BC02-D90AF3494DDC}
		{A88D9D6F-8842-48B5-A847-5AD192E0814D} = {594BA8BF-8E5C-4E08-80B1-CC93ADDFCC63}
		{DA89759D-D334-40A2-BDEC-45C554D0C083} = {21C98DC0-B35C-414E-BC02-D90AF3494DDC}
		{76E5F4A1-EB44-47BB-A47B-66F93CC0759E} = {594BA8BF-8E5C-4E08-80B1-CC93ADDFCC63}
		{5024521E-CA0B-417E-92A1-446F1124579B} = {21C98DC0-B35C-414E-BC02-D90AF3494DDC}
		{E9589748-749C-4C72-ADD5-F074F49BCFF4} = {594BA8BF-8E5C-4E08-80B1-CC93ADDFCC63}
		{EBD6C134-433A-4D4D-864A-50745CE94BCA} = {247DAE24-DD89-4C2C-AF49-E3F862485B92}
		{26EB94FE-D40B-439B-AB19-3E65B504B49C} = {247DAE24-DD89-4C2C-AF49-E3F862485B92}
		{89A08F07-815A-4168-941F-C80FA07020F1} = {247DAE24-DD89-4C2C-AF49-E3F862485B92}
		{3FA3B3CD-3BBD-4C59-819A-80780AD73900} = {247DAE24-DD89-4C2C-AF49-E3F862485B92}
		{A84A59AE-A52A-4F51-B2A8-AD8306ED395A} = {F44B7FBC-A422-4966-837D-D52DF317F82E}
		{85CC9358-E237-4C2F-9138-85DB4FB33307} = {F44B7FBC-A422-4966-837D-D52DF317F82E}
		{2C57696D-2F5B-45A8-ABF8-42FCDC573D55} = {F44B7FBC-A422-4966-837D-D52DF317F82E}
		{151CBF78-B672-42B5-BBDD-04C6C7F45A25} = {F44B7FBC-A422-4966-837D-D52DF317F82E}
		{E692786F-AABF-4FE3-9A75-912DD48462F7} = {F44B7FBC-A422-4966-837D-D52DF317F82E}
		{0CA7A64E-7AC7-4CB5-A22A-8062D9A0A150} = {F44B7FBC-A422-4966-837D-D52DF317F82E}
		{25935D90-D4D4-4A69-AB9C-F5DB6A8BA061} = {F44B7FBC-A422-4966-837D-D52DF317F82E}
		{0AC1F035-FDF9-4F60-9F6C-06E23028B203} = {F44B7FBC-A422-4966-837D-D52DF317F82E}
		{E62E6BED-AB58-41E9-B3ED-191E9B5B7554} = {F44B7FBC-A422-4966-837D-D52DF317F82E}
		{2B17354C-4BA0-448C-AB8D-8E43210ADD04} = {F44B7FBC-A422-4966-837D-D52DF317F82E}
		{6CD6DC67-2E82-4966-B2BE-9FCBC14CA75B} = {F44B7FBC-A422-4966-837D-D52DF317F82E}
		{7DDAB91F-A863-4541-BE21-82020F47A30C} = {F44B7FBC-A422-4966-837D-D52DF317F82E}
		{EEB273AB-84AA-4021-970E-BFCADF12FD82} = {F44B7FBC-A422-4966-837D-D52DF317F82E}
		{B4BAC4B5-4E9E-464B-A729-D4DC9F2B5D53} = {F44B7FBC-A422-4966-837D-D52DF317F82E}
		{C93A9E8A-BC6B-4F0C-B86F-3FE8EE147B0A} = {F44B7FBC-A422-4966-837D-D52DF317F82E}
		{6222CD73-CAF3-4D62-AE0E-04179C34ACCA} = {F44B7FBC-A422-4966-837D-D52DF317F82E}
		{AA839E49-A281-494E-81A1-68697A481BF8} = {F44B7FBC-A422-4966-837D-D52DF317F82E}
		{F9003823-B2B1-41ED-A0FA-771467197C85} = {BA04B013-D4BC-40F9-AAC3-364006541F81}
		{38686FB5-665C-4530-8AF5-3C47B457980F} = {BA04B013-D4BC-40F9-AAC3-364006541F81}
		{9DE7564E-BAA6-4C49-93C7-497AD75A4C26} = {594BA8BF-8E5C-4E08-80B1-CC93ADDFCC63}
		{BB649A4B-FF1F-482E-BF8B-A91D1B4A90B2} = {594BA8BF-8E5C-4E08-80B1-CC93ADDFCC63}
		{01FB15FC-BCD3-45DD-8F27-49857EC86457} = {594BA8BF-8E5C-4E08-80B1-CC93ADDFCC63}
		{6D4FC381-397A-4CBA-BF3A-FA8654F6A871} = {594BA8BF-8E5C-4E08-80B1-CC93ADDFCC63}
		{A9E0EB3F-88D9-42DB-AE88-1753A3F411D1} = {594BA8BF-8E5C-4E08-80B1-CC93ADDFCC63}
		{40987DF3-00EF-4CD4-891B-2AD85B7A266B} = {247DAE24-DD89-4C2C-AF49-E3F862485B92}
		{DBB1D6A9-9B32-43DE-8C87-C4D5FAFB3AE8} = {247DAE24-DD89-4C2C-AF49-E3F862485B92}
		{9AD50AA9-1693-4852-9AEE-17C94FE36130} = {247DAE24-DD89-4C2C-AF49-E3F862485B92}
		{333688F4-4E3E-476A-8D54-EDE70505F7A8} = {BA04B013-D4BC-40F9-AAC3-364006541F81}
		{BE00FBA2-E7A5-4C17-95B2-6F4E2B0CFF07} = {BA04B013-D4BC-40F9-AAC3-364006541F81}
		{CD3D733A-F3A7-46A4-8BDD-6A6918003586} = {21C98DC0-B35C-414E-BC02-D90AF3494DDC}
		{C8BADB0E-F8AE-488A-85D0-21EB8F9914D4} = {247DAE24-DD89-4C2C-AF49-E3F862485B92}
		{680E2224-29C1-41FF-AAE8-56D20A6E67E1} = {F44B7FBC-A422-4966-837D-D52DF317F82E}
		{1889F3E0-35FA-4C99-8556-5429DDC014C8} = {F44B7FBC-A422-4966-837D-D52DF317F82E}
		{068708D4-83C7-48B9-B501-5C39634A99C8} = {247DAE24-DD89-4C2C-AF49-E3F862485B92}
		{BB2DB1FD-900D-426C-A008-AB8F27823C82} = {21C98DC0-B35C-414E-BC02-D90AF3494DDC}
		{85475DAF-47F4-475C-B55E-527912000468} = {21C98DC0-B35C-414E-BC02-D90AF3494DDC}
		{C0199F23-BD47-412C-83F5-AF32A1FFE156} = {21C98DC0-B35C-414E-BC02-D90AF3494DDC}
		{8A46A788-1A87-4B24-9F15-FAB644A104D5} = {21C98DC0-B35C-414E-BC02-D90AF3494DDC}
		{5E4678D8-A0DD-4EED-853E-06D3BAF2A9C8} = {21C98DC0-B35C-414E-BC02-D90AF3494DDC}
		{9212C2A9-8AC8-445A-9DA5-E80E55B4AFAD} = {2D346903-DBD6-46C9-A53B-A33E0C215BB2}
		{A52D656A-AF79-4689-9E73-C4E2329B3874} = {2D346903-DBD6-46C9-A53B-A33E0C215BB2}
		{245D9B57-2D84-4E32-BE35-68AE646B2559} = {2D346903-DBD6-46C9-A53B-A33E0C215BB2}
		{DC21358F-4050-4994-BE1F-9ADA3D7C51BB} = {247DAE24-DD89-4C2C-AF49-E3F862485B92}
		{BAB4356F-9BE8-44B3-8CFC-158652792CAA} = {247DAE24-DD89-4C2C-AF49-E3F862485B92}
		{89B0B5C6-9318-40F4-80F2-E1B46C13FD2D} = {247DAE24-DD89-4C2C-AF49-E3F862485B92}
		{867E462D-D92C-4068-B917-E59266184757} = {BA04B013-D4BC-40F9-AAC3-364006541F81}
		{D8EBAA79-67C0-44D5-A733-C26DF09F6EAE} = {BA04B013-D4BC-40F9-AAC3-364006541F81}
		{89BB963C-8BC6-4E8F-8EBF-BEAA5A2B43ED} = {BA04B013-D4BC-40F9-AAC3-364006541F81}
		{07155165-96DA-42AC-A541-912B602AE67D} = {BA04B013-D4BC-40F9-AAC3-364006541F81}
	EndGlobalSection
	GlobalSection(ExtensibilityGlobals) = postSolution
		SolutionGuid = {C0FF3F2D-E127-4A15-8520-7722C990E58F}
	EndGlobalSection
EndGlobal
