
Microsoft Visual Studio Solution File, Format Version 12.00
# Visual Studio 14
VisualStudioVersion = 14.0.23107.0
MinimumVisualStudioVersion = 10.0.40219.1
Project("{FAE04EC0-301F-11D3-BF4B-00C04F79EFBC}") = "ProcessingTools.BaseLibrary", "Base\ProcessingTools.BaseLibrary.csproj", "{25195D4B-EBD2-487F-84A6-C2CD8850450D}"
	ProjectSection(ProjectDependencies) = postProject
		{76BEF8BF-631B-4C9D-B0D4-986718D5C859} = {76BEF8BF-631B-4C9D-B0D4-986718D5C859}
		{BDE55FC4-E7D2-416D-A220-164CA99BD63B} = {BDE55FC4-E7D2-416D-A220-164CA99BD63B}
	EndProjectSection
EndProject
Project("{FAE04EC0-301F-11D3-BF4B-00C04F79EFBC}") = "Tagger", "Tagger\Tagger.csproj", "{553469FF-345B-4BCD-AACA-3D447B23D80A}"
EndProject
Project("{FAE04EC0-301F-11D3-BF4B-00C04F79EFBC}") = "ProcessingTools.Configurator", "ProcessingToolsConfig\ProcessingTools.Configurator.csproj", "{BDE55FC4-E7D2-416D-A220-164CA99BD63B}"
	ProjectSection(ProjectDependencies) = postProject
		{76BEF8BF-631B-4C9D-B0D4-986718D5C859} = {76BEF8BF-631B-4C9D-B0D4-986718D5C859}
	EndProjectSection
EndProject
Project("{FAE04EC0-301F-11D3-BF4B-00C04F79EFBC}") = "ProcessingTools.Globals", "ProcessingToolsMessaging\ProcessingTools.Globals.csproj", "{76BEF8BF-631B-4C9D-B0D4-986718D5C859}"
EndProject
Project("{FAE04EC0-301F-11D3-BF4B-00C04F79EFBC}") = "ProcessingTools.BaseLibrary.Tests", "BaseObjectTests\ProcessingTools.BaseLibrary.Tests.csproj", "{7A938698-047F-42BB-88CC-0814093C8E16}"
EndProject
Project("{00D1A9C2-B5F0-4AF3-8072-F6C62B433612}") = "TaxonomyDatabase", "TaxonomyDatabase\TaxonomyDatabase.sqlproj", "{D91FD8E7-18C6-457A-9649-062E82C57CA7}"
EndProject
Project("{00D1A9C2-B5F0-4AF3-8072-F6C62B433612}") = "EnvironmentsDatabase", "EnvironmentsDatabase\EnvironmentsDatabase.sqlproj", "{69F54AC5-4EE5-44BD-A072-FE09FE604252}"
EndProject
Project("{FAE04EC0-301F-11D3-BF4B-00C04F79EFBC}") = "Tagger.Tests", "Tagger.Tests\Tagger.Tests.csproj", "{44DF19EE-8FCB-4298-95BC-381F180C1037}"
EndProject
Project("{FAE04EC0-301F-11D3-BF4B-00C04F79EFBC}") = "ProcessingTools.Configurator.Tests", "ProcessingToolsConfig.Tests\ProcessingTools.Configurator.Tests.csproj", "{F8E2989E-FF8F-4E0A-B141-ABA9497F2D49}"
EndProject
Project("{FAE04EC0-301F-11D3-BF4B-00C04F79EFBC}") = "Tagger.ListsManager", "Tagger.ListsManager\Tagger.ListsManager.csproj", "{337C1A6C-C0A7-4C44-938E-35D87757EF7B}"
EndProject
Global
	GlobalSection(SolutionConfigurationPlatforms) = preSolution
		64|Any CPU = 64|Any CPU
		64|Mixed Platforms = 64|Mixed Platforms
		64|x64 = 64|x64
		Debug|Any CPU = Debug|Any CPU
		Debug|Mixed Platforms = Debug|Mixed Platforms
		Debug|x64 = Debug|x64
		Release|Any CPU = Release|Any CPU
		Release|Mixed Platforms = Release|Mixed Platforms
		Release|x64 = Release|x64
	EndGlobalSection
	GlobalSection(ProjectConfigurationPlatforms) = postSolution
		{25195D4B-EBD2-487F-84A6-C2CD8850450D}.64|Any CPU.ActiveCfg = Release|Any CPU
		{25195D4B-EBD2-487F-84A6-C2CD8850450D}.64|Any CPU.Build.0 = Release|Any CPU
		{25195D4B-EBD2-487F-84A6-C2CD8850450D}.64|Mixed Platforms.ActiveCfg = Release|Any CPU
		{25195D4B-EBD2-487F-84A6-C2CD8850450D}.64|Mixed Platforms.Build.0 = Release|Any CPU
		{25195D4B-EBD2-487F-84A6-C2CD8850450D}.64|x64.ActiveCfg = Release|x64
		{25195D4B-EBD2-487F-84A6-C2CD8850450D}.64|x64.Build.0 = Release|x64
		{25195D4B-EBD2-487F-84A6-C2CD8850450D}.Debug|Any CPU.ActiveCfg = Debug|Any CPU
		{25195D4B-EBD2-487F-84A6-C2CD8850450D}.Debug|Any CPU.Build.0 = Debug|Any CPU
		{25195D4B-EBD2-487F-84A6-C2CD8850450D}.Debug|Mixed Platforms.ActiveCfg = Debug|Any CPU
		{25195D4B-EBD2-487F-84A6-C2CD8850450D}.Debug|Mixed Platforms.Build.0 = Debug|Any CPU
		{25195D4B-EBD2-487F-84A6-C2CD8850450D}.Debug|x64.ActiveCfg = Debug|x64
		{25195D4B-EBD2-487F-84A6-C2CD8850450D}.Debug|x64.Build.0 = Debug|x64
		{25195D4B-EBD2-487F-84A6-C2CD8850450D}.Release|Any CPU.ActiveCfg = Release|Any CPU
		{25195D4B-EBD2-487F-84A6-C2CD8850450D}.Release|Any CPU.Build.0 = Release|Any CPU
		{25195D4B-EBD2-487F-84A6-C2CD8850450D}.Release|Mixed Platforms.ActiveCfg = Release|Any CPU
		{25195D4B-EBD2-487F-84A6-C2CD8850450D}.Release|Mixed Platforms.Build.0 = Release|Any CPU
		{25195D4B-EBD2-487F-84A6-C2CD8850450D}.Release|x64.ActiveCfg = Release|x64
		{25195D4B-EBD2-487F-84A6-C2CD8850450D}.Release|x64.Build.0 = Release|x64
		{553469FF-345B-4BCD-AACA-3D447B23D80A}.64|Any CPU.ActiveCfg = Release|Any CPU
		{553469FF-345B-4BCD-AACA-3D447B23D80A}.64|Any CPU.Build.0 = Release|Any CPU
		{553469FF-345B-4BCD-AACA-3D447B23D80A}.64|Mixed Platforms.ActiveCfg = Release|Any CPU
		{553469FF-345B-4BCD-AACA-3D447B23D80A}.64|Mixed Platforms.Build.0 = Release|Any CPU
		{553469FF-345B-4BCD-AACA-3D447B23D80A}.64|x64.ActiveCfg = Release|x64
		{553469FF-345B-4BCD-AACA-3D447B23D80A}.64|x64.Build.0 = Release|x64
		{553469FF-345B-4BCD-AACA-3D447B23D80A}.Debug|Any CPU.ActiveCfg = Debug|Any CPU
		{553469FF-345B-4BCD-AACA-3D447B23D80A}.Debug|Any CPU.Build.0 = Debug|Any CPU
		{553469FF-345B-4BCD-AACA-3D447B23D80A}.Debug|Mixed Platforms.ActiveCfg = Debug|Any CPU
		{553469FF-345B-4BCD-AACA-3D447B23D80A}.Debug|Mixed Platforms.Build.0 = Debug|Any CPU
		{553469FF-345B-4BCD-AACA-3D447B23D80A}.Debug|x64.ActiveCfg = Debug|x64
		{553469FF-345B-4BCD-AACA-3D447B23D80A}.Debug|x64.Build.0 = Debug|x64
		{553469FF-345B-4BCD-AACA-3D447B23D80A}.Release|Any CPU.ActiveCfg = Release|Any CPU
		{553469FF-345B-4BCD-AACA-3D447B23D80A}.Release|Any CPU.Build.0 = Release|Any CPU
		{553469FF-345B-4BCD-AACA-3D447B23D80A}.Release|Mixed Platforms.ActiveCfg = Release|Any CPU
		{553469FF-345B-4BCD-AACA-3D447B23D80A}.Release|Mixed Platforms.Build.0 = Release|Any CPU
		{553469FF-345B-4BCD-AACA-3D447B23D80A}.Release|x64.ActiveCfg = Release|x64
		{553469FF-345B-4BCD-AACA-3D447B23D80A}.Release|x64.Build.0 = Release|x64
		{BDE55FC4-E7D2-416D-A220-164CA99BD63B}.64|Any CPU.ActiveCfg = Release|Any CPU
		{BDE55FC4-E7D2-416D-A220-164CA99BD63B}.64|Any CPU.Build.0 = Release|Any CPU
		{BDE55FC4-E7D2-416D-A220-164CA99BD63B}.64|Mixed Platforms.ActiveCfg = Release|Any CPU
		{BDE55FC4-E7D2-416D-A220-164CA99BD63B}.64|Mixed Platforms.Build.0 = Release|Any CPU
		{BDE55FC4-E7D2-416D-A220-164CA99BD63B}.64|x64.ActiveCfg = Release|Any CPU
		{BDE55FC4-E7D2-416D-A220-164CA99BD63B}.64|x64.Build.0 = Release|Any CPU
		{BDE55FC4-E7D2-416D-A220-164CA99BD63B}.Debug|Any CPU.ActiveCfg = Debug|Any CPU
		{BDE55FC4-E7D2-416D-A220-164CA99BD63B}.Debug|Any CPU.Build.0 = Debug|Any CPU
		{BDE55FC4-E7D2-416D-A220-164CA99BD63B}.Debug|Mixed Platforms.ActiveCfg = Debug|Any CPU
		{BDE55FC4-E7D2-416D-A220-164CA99BD63B}.Debug|Mixed Platforms.Build.0 = Debug|Any CPU
		{BDE55FC4-E7D2-416D-A220-164CA99BD63B}.Debug|x64.ActiveCfg = Debug|Any CPU
		{BDE55FC4-E7D2-416D-A220-164CA99BD63B}.Release|Any CPU.ActiveCfg = Release|Any CPU
		{BDE55FC4-E7D2-416D-A220-164CA99BD63B}.Release|Any CPU.Build.0 = Release|Any CPU
		{BDE55FC4-E7D2-416D-A220-164CA99BD63B}.Release|Mixed Platforms.ActiveCfg = Release|Any CPU
		{BDE55FC4-E7D2-416D-A220-164CA99BD63B}.Release|Mixed Platforms.Build.0 = Release|Any CPU
		{BDE55FC4-E7D2-416D-A220-164CA99BD63B}.Release|x64.ActiveCfg = Release|Any CPU
		{76BEF8BF-631B-4C9D-B0D4-986718D5C859}.64|Any CPU.ActiveCfg = Release|Any CPU
		{76BEF8BF-631B-4C9D-B0D4-986718D5C859}.64|Any CPU.Build.0 = Release|Any CPU
		{76BEF8BF-631B-4C9D-B0D4-986718D5C859}.64|Mixed Platforms.ActiveCfg = Release|Any CPU
		{76BEF8BF-631B-4C9D-B0D4-986718D5C859}.64|Mixed Platforms.Build.0 = Release|Any CPU
		{76BEF8BF-631B-4C9D-B0D4-986718D5C859}.64|x64.ActiveCfg = Release|Any CPU
		{76BEF8BF-631B-4C9D-B0D4-986718D5C859}.64|x64.Build.0 = Release|Any CPU
		{76BEF8BF-631B-4C9D-B0D4-986718D5C859}.Debug|Any CPU.ActiveCfg = Debug|Any CPU
		{76BEF8BF-631B-4C9D-B0D4-986718D5C859}.Debug|Any CPU.Build.0 = Debug|Any CPU
		{76BEF8BF-631B-4C9D-B0D4-986718D5C859}.Debug|Mixed Platforms.ActiveCfg = Debug|Any CPU
		{76BEF8BF-631B-4C9D-B0D4-986718D5C859}.Debug|Mixed Platforms.Build.0 = Debug|Any CPU
		{76BEF8BF-631B-4C9D-B0D4-986718D5C859}.Debug|x64.ActiveCfg = Debug|Any CPU
		{76BEF8BF-631B-4C9D-B0D4-986718D5C859}.Release|Any CPU.ActiveCfg = Release|Any CPU
		{76BEF8BF-631B-4C9D-B0D4-986718D5C859}.Release|Any CPU.Build.0 = Release|Any CPU
		{76BEF8BF-631B-4C9D-B0D4-986718D5C859}.Release|Mixed Platforms.ActiveCfg = Release|Any CPU
		{76BEF8BF-631B-4C9D-B0D4-986718D5C859}.Release|Mixed Platforms.Build.0 = Release|Any CPU
		{76BEF8BF-631B-4C9D-B0D4-986718D5C859}.Release|x64.ActiveCfg = Release|Any CPU
		{7A938698-047F-42BB-88CC-0814093C8E16}.64|Any CPU.ActiveCfg = Release|Any CPU
		{7A938698-047F-42BB-88CC-0814093C8E16}.64|Any CPU.Build.0 = Release|Any CPU
		{7A938698-047F-42BB-88CC-0814093C8E16}.64|Mixed Platforms.ActiveCfg = Release|Any CPU
		{7A938698-047F-42BB-88CC-0814093C8E16}.64|Mixed Platforms.Build.0 = Release|Any CPU
		{7A938698-047F-42BB-88CC-0814093C8E16}.64|x64.ActiveCfg = Release|Any CPU
		{7A938698-047F-42BB-88CC-0814093C8E16}.64|x64.Build.0 = Release|Any CPU
		{7A938698-047F-42BB-88CC-0814093C8E16}.Debug|Any CPU.ActiveCfg = Debug|Any CPU
		{7A938698-047F-42BB-88CC-0814093C8E16}.Debug|Any CPU.Build.0 = Debug|Any CPU
		{7A938698-047F-42BB-88CC-0814093C8E16}.Debug|Mixed Platforms.ActiveCfg = Debug|Any CPU
		{7A938698-047F-42BB-88CC-0814093C8E16}.Debug|Mixed Platforms.Build.0 = Debug|Any CPU
		{7A938698-047F-42BB-88CC-0814093C8E16}.Debug|x64.ActiveCfg = Debug|Any CPU
		{7A938698-047F-42BB-88CC-0814093C8E16}.Release|Any CPU.ActiveCfg = Release|Any CPU
		{7A938698-047F-42BB-88CC-0814093C8E16}.Release|Any CPU.Build.0 = Release|Any CPU
		{7A938698-047F-42BB-88CC-0814093C8E16}.Release|Mixed Platforms.ActiveCfg = Release|Any CPU
		{7A938698-047F-42BB-88CC-0814093C8E16}.Release|Mixed Platforms.Build.0 = Release|Any CPU
		{7A938698-047F-42BB-88CC-0814093C8E16}.Release|x64.ActiveCfg = Release|Any CPU
		{D91FD8E7-18C6-457A-9649-062E82C57CA7}.64|Any CPU.ActiveCfg = Release|Any CPU
		{D91FD8E7-18C6-457A-9649-062E82C57CA7}.64|Any CPU.Build.0 = Release|Any CPU
		{D91FD8E7-18C6-457A-9649-062E82C57CA7}.64|Any CPU.Deploy.0 = Release|Any CPU
		{D91FD8E7-18C6-457A-9649-062E82C57CA7}.64|Mixed Platforms.ActiveCfg = Release|Any CPU
		{D91FD8E7-18C6-457A-9649-062E82C57CA7}.64|Mixed Platforms.Build.0 = Release|Any CPU
		{D91FD8E7-18C6-457A-9649-062E82C57CA7}.64|Mixed Platforms.Deploy.0 = Release|Any CPU
		{D91FD8E7-18C6-457A-9649-062E82C57CA7}.64|x64.ActiveCfg = Release|Any CPU
		{D91FD8E7-18C6-457A-9649-062E82C57CA7}.64|x64.Build.0 = Release|Any CPU
		{D91FD8E7-18C6-457A-9649-062E82C57CA7}.64|x64.Deploy.0 = Release|Any CPU
		{D91FD8E7-18C6-457A-9649-062E82C57CA7}.Debug|Any CPU.ActiveCfg = Debug|Any CPU
		{D91FD8E7-18C6-457A-9649-062E82C57CA7}.Debug|Any CPU.Build.0 = Debug|Any CPU
		{D91FD8E7-18C6-457A-9649-062E82C57CA7}.Debug|Any CPU.Deploy.0 = Debug|Any CPU
		{D91FD8E7-18C6-457A-9649-062E82C57CA7}.Debug|Mixed Platforms.ActiveCfg = Debug|Any CPU
		{D91FD8E7-18C6-457A-9649-062E82C57CA7}.Debug|Mixed Platforms.Build.0 = Debug|Any CPU
		{D91FD8E7-18C6-457A-9649-062E82C57CA7}.Debug|Mixed Platforms.Deploy.0 = Debug|Any CPU
		{D91FD8E7-18C6-457A-9649-062E82C57CA7}.Debug|x64.ActiveCfg = Debug|Any CPU
		{D91FD8E7-18C6-457A-9649-062E82C57CA7}.Debug|x64.Build.0 = Debug|Any CPU
		{D91FD8E7-18C6-457A-9649-062E82C57CA7}.Debug|x64.Deploy.0 = Debug|Any CPU
		{D91FD8E7-18C6-457A-9649-062E82C57CA7}.Release|Any CPU.ActiveCfg = Release|Any CPU
		{D91FD8E7-18C6-457A-9649-062E82C57CA7}.Release|Any CPU.Build.0 = Release|Any CPU
		{D91FD8E7-18C6-457A-9649-062E82C57CA7}.Release|Any CPU.Deploy.0 = Release|Any CPU
		{D91FD8E7-18C6-457A-9649-062E82C57CA7}.Release|Mixed Platforms.ActiveCfg = Release|Any CPU
		{D91FD8E7-18C6-457A-9649-062E82C57CA7}.Release|Mixed Platforms.Build.0 = Release|Any CPU
		{D91FD8E7-18C6-457A-9649-062E82C57CA7}.Release|Mixed Platforms.Deploy.0 = Release|Any CPU
		{D91FD8E7-18C6-457A-9649-062E82C57CA7}.Release|x64.ActiveCfg = Release|Any CPU
		{D91FD8E7-18C6-457A-9649-062E82C57CA7}.Release|x64.Build.0 = Release|Any CPU
		{D91FD8E7-18C6-457A-9649-062E82C57CA7}.Release|x64.Deploy.0 = Release|Any CPU
		{69F54AC5-4EE5-44BD-A072-FE09FE604252}.64|Any CPU.ActiveCfg = Release|Any CPU
		{69F54AC5-4EE5-44BD-A072-FE09FE604252}.64|Any CPU.Build.0 = Release|Any CPU
		{69F54AC5-4EE5-44BD-A072-FE09FE604252}.64|Any CPU.Deploy.0 = Release|Any CPU
		{69F54AC5-4EE5-44BD-A072-FE09FE604252}.64|Mixed Platforms.ActiveCfg = Release|Any CPU
		{69F54AC5-4EE5-44BD-A072-FE09FE604252}.64|Mixed Platforms.Build.0 = Release|Any CPU
		{69F54AC5-4EE5-44BD-A072-FE09FE604252}.64|Mixed Platforms.Deploy.0 = Release|Any CPU
		{69F54AC5-4EE5-44BD-A072-FE09FE604252}.64|x64.ActiveCfg = Release|Any CPU
		{69F54AC5-4EE5-44BD-A072-FE09FE604252}.64|x64.Build.0 = Release|Any CPU
		{69F54AC5-4EE5-44BD-A072-FE09FE604252}.64|x64.Deploy.0 = Release|Any CPU
		{69F54AC5-4EE5-44BD-A072-FE09FE604252}.Debug|Any CPU.ActiveCfg = Debug|Any CPU
		{69F54AC5-4EE5-44BD-A072-FE09FE604252}.Debug|Any CPU.Build.0 = Debug|Any CPU
		{69F54AC5-4EE5-44BD-A072-FE09FE604252}.Debug|Any CPU.Deploy.0 = Debug|Any CPU
		{69F54AC5-4EE5-44BD-A072-FE09FE604252}.Debug|Mixed Platforms.ActiveCfg = Debug|Any CPU
		{69F54AC5-4EE5-44BD-A072-FE09FE604252}.Debug|Mixed Platforms.Build.0 = Debug|Any CPU
		{69F54AC5-4EE5-44BD-A072-FE09FE604252}.Debug|Mixed Platforms.Deploy.0 = Debug|Any CPU
		{69F54AC5-4EE5-44BD-A072-FE09FE604252}.Debug|x64.ActiveCfg = Debug|Any CPU
		{69F54AC5-4EE5-44BD-A072-FE09FE604252}.Debug|x64.Build.0 = Debug|Any CPU
		{69F54AC5-4EE5-44BD-A072-FE09FE604252}.Debug|x64.Deploy.0 = Debug|Any CPU
		{69F54AC5-4EE5-44BD-A072-FE09FE604252}.Release|Any CPU.ActiveCfg = Release|Any CPU
		{69F54AC5-4EE5-44BD-A072-FE09FE604252}.Release|Any CPU.Build.0 = Release|Any CPU
		{69F54AC5-4EE5-44BD-A072-FE09FE604252}.Release|Any CPU.Deploy.0 = Release|Any CPU
		{69F54AC5-4EE5-44BD-A072-FE09FE604252}.Release|Mixed Platforms.ActiveCfg = Release|Any CPU
		{69F54AC5-4EE5-44BD-A072-FE09FE604252}.Release|Mixed Platforms.Build.0 = Release|Any CPU
		{69F54AC5-4EE5-44BD-A072-FE09FE604252}.Release|Mixed Platforms.Deploy.0 = Release|Any CPU
		{69F54AC5-4EE5-44BD-A072-FE09FE604252}.Release|x64.ActiveCfg = Release|Any CPU
		{69F54AC5-4EE5-44BD-A072-FE09FE604252}.Release|x64.Build.0 = Release|Any CPU
		{69F54AC5-4EE5-44BD-A072-FE09FE604252}.Release|x64.Deploy.0 = Release|Any CPU
		{44DF19EE-8FCB-4298-95BC-381F180C1037}.64|Any CPU.ActiveCfg = Release|Any CPU
		{44DF19EE-8FCB-4298-95BC-381F180C1037}.64|Any CPU.Build.0 = Release|Any CPU
		{44DF19EE-8FCB-4298-95BC-381F180C1037}.64|Mixed Platforms.ActiveCfg = Release|Any CPU
		{44DF19EE-8FCB-4298-95BC-381F180C1037}.64|Mixed Platforms.Build.0 = Release|Any CPU
		{44DF19EE-8FCB-4298-95BC-381F180C1037}.64|x64.ActiveCfg = Release|Any CPU
		{44DF19EE-8FCB-4298-95BC-381F180C1037}.64|x64.Build.0 = Release|Any CPU
		{44DF19EE-8FCB-4298-95BC-381F180C1037}.Debug|Any CPU.ActiveCfg = Debug|Any CPU
		{44DF19EE-8FCB-4298-95BC-381F180C1037}.Debug|Any CPU.Build.0 = Debug|Any CPU
		{44DF19EE-8FCB-4298-95BC-381F180C1037}.Debug|Mixed Platforms.ActiveCfg = Debug|Any CPU
		{44DF19EE-8FCB-4298-95BC-381F180C1037}.Debug|Mixed Platforms.Build.0 = Debug|Any CPU
		{44DF19EE-8FCB-4298-95BC-381F180C1037}.Debug|x64.ActiveCfg = Debug|Any CPU
		{44DF19EE-8FCB-4298-95BC-381F180C1037}.Debug|x64.Build.0 = Debug|Any CPU
		{44DF19EE-8FCB-4298-95BC-381F180C1037}.Release|Any CPU.ActiveCfg = Release|Any CPU
		{44DF19EE-8FCB-4298-95BC-381F180C1037}.Release|Any CPU.Build.0 = Release|Any CPU
		{44DF19EE-8FCB-4298-95BC-381F180C1037}.Release|Mixed Platforms.ActiveCfg = Release|Any CPU
		{44DF19EE-8FCB-4298-95BC-381F180C1037}.Release|Mixed Platforms.Build.0 = Release|Any CPU
		{44DF19EE-8FCB-4298-95BC-381F180C1037}.Release|x64.ActiveCfg = Release|Any CPU
		{44DF19EE-8FCB-4298-95BC-381F180C1037}.Release|x64.Build.0 = Release|Any CPU
		{F8E2989E-FF8F-4E0A-B141-ABA9497F2D49}.64|Any CPU.ActiveCfg = Release|Any CPU
		{F8E2989E-FF8F-4E0A-B141-ABA9497F2D49}.64|Any CPU.Build.0 = Release|Any CPU
		{F8E2989E-FF8F-4E0A-B141-ABA9497F2D49}.64|Mixed Platforms.ActiveCfg = Release|Any CPU
		{F8E2989E-FF8F-4E0A-B141-ABA9497F2D49}.64|Mixed Platforms.Build.0 = Release|Any CPU
		{F8E2989E-FF8F-4E0A-B141-ABA9497F2D49}.64|x64.ActiveCfg = Release|Any CPU
		{F8E2989E-FF8F-4E0A-B141-ABA9497F2D49}.64|x64.Build.0 = Release|Any CPU
		{F8E2989E-FF8F-4E0A-B141-ABA9497F2D49}.Debug|Any CPU.ActiveCfg = Debug|Any CPU
		{F8E2989E-FF8F-4E0A-B141-ABA9497F2D49}.Debug|Any CPU.Build.0 = Debug|Any CPU
		{F8E2989E-FF8F-4E0A-B141-ABA9497F2D49}.Debug|Mixed Platforms.ActiveCfg = Debug|Any CPU
		{F8E2989E-FF8F-4E0A-B141-ABA9497F2D49}.Debug|Mixed Platforms.Build.0 = Debug|Any CPU
		{F8E2989E-FF8F-4E0A-B141-ABA9497F2D49}.Debug|x64.ActiveCfg = Debug|Any CPU
		{F8E2989E-FF8F-4E0A-B141-ABA9497F2D49}.Debug|x64.Build.0 = Debug|Any CPU
		{F8E2989E-FF8F-4E0A-B141-ABA9497F2D49}.Release|Any CPU.ActiveCfg = Release|Any CPU
		{F8E2989E-FF8F-4E0A-B141-ABA9497F2D49}.Release|Any CPU.Build.0 = Release|Any CPU
		{F8E2989E-FF8F-4E0A-B141-ABA9497F2D49}.Release|Mixed Platforms.ActiveCfg = Release|Any CPU
		{F8E2989E-FF8F-4E0A-B141-ABA9497F2D49}.Release|Mixed Platforms.Build.0 = Release|Any CPU
		{F8E2989E-FF8F-4E0A-B141-ABA9497F2D49}.Release|x64.ActiveCfg = Release|Any CPU
		{F8E2989E-FF8F-4E0A-B141-ABA9497F2D49}.Release|x64.Build.0 = Release|Any CPU
		{337C1A6C-C0A7-4C44-938E-35D87757EF7B}.64|Any CPU.ActiveCfg = 64|Any CPU
		{337C1A6C-C0A7-4C44-938E-35D87757EF7B}.64|Any CPU.Build.0 = 64|Any CPU
		{337C1A6C-C0A7-4C44-938E-35D87757EF7B}.64|Mixed Platforms.ActiveCfg = 64|Any CPU
		{337C1A6C-C0A7-4C44-938E-35D87757EF7B}.64|Mixed Platforms.Build.0 = 64|Any CPU
		{337C1A6C-C0A7-4C44-938E-35D87757EF7B}.64|x64.ActiveCfg = 64|x64
		{337C1A6C-C0A7-4C44-938E-35D87757EF7B}.64|x64.Build.0 = 64|x64
		{337C1A6C-C0A7-4C44-938E-35D87757EF7B}.Debug|Any CPU.ActiveCfg = Debug|Any CPU
		{337C1A6C-C0A7-4C44-938E-35D87757EF7B}.Debug|Any CPU.Build.0 = Debug|Any CPU
		{337C1A6C-C0A7-4C44-938E-35D87757EF7B}.Debug|Mixed Platforms.ActiveCfg = Debug|Any CPU
		{337C1A6C-C0A7-4C44-938E-35D87757EF7B}.Debug|Mixed Platforms.Build.0 = Debug|Any CPU
		{337C1A6C-C0A7-4C44-938E-35D87757EF7B}.Debug|x64.ActiveCfg = Debug|x64
		{337C1A6C-C0A7-4C44-938E-35D87757EF7B}.Debug|x64.Build.0 = Debug|x64
		{337C1A6C-C0A7-4C44-938E-35D87757EF7B}.Release|Any CPU.ActiveCfg = Release|Any CPU
		{337C1A6C-C0A7-4C44-938E-35D87757EF7B}.Release|Any CPU.Build.0 = Release|Any CPU
		{337C1A6C-C0A7-4C44-938E-35D87757EF7B}.Release|Mixed Platforms.ActiveCfg = Release|Any CPU
		{337C1A6C-C0A7-4C44-938E-35D87757EF7B}.Release|Mixed Platforms.Build.0 = Release|Any CPU
		{337C1A6C-C0A7-4C44-938E-35D87757EF7B}.Release|x64.ActiveCfg = Release|x64
		{337C1A6C-C0A7-4C44-938E-35D87757EF7B}.Release|x64.Build.0 = Release|x64
	EndGlobalSection
	GlobalSection(SolutionProperties) = preSolution
		HideSolutionNode = FALSE
	EndGlobalSection
	GlobalSection(ExtensibilityGlobals) = postSolution
		EnterpriseLibraryConfigurationToolBinariesPathV6 = packages\EnterpriseLibrary.TransientFaultHandling.6.0.1304.0\lib\portable-net45+win+wp8;packages\EnterpriseLibrary.TransientFaultHandling.Data.6.0.1304.1\lib\NET45
	EndGlobalSection
EndGlobal
