
Microsoft Visual Studio Solution File, Format Version 12.00
# Visual Studio 14
VisualStudioVersion = 14.0.23107.0
MinimumVisualStudioVersion = 10.0.40219.1
Project("{FAE04EC0-301F-11D3-BF4B-00C04F79EFBC}") = "ProcessingTools.BaseLibrary", "ProcessingTools.BaseLibrary\ProcessingTools.BaseLibrary.csproj", "{25195D4B-EBD2-487F-84A6-C2CD8850450D}"
	ProjectSection(ProjectDependencies) = postProject
		{BDE55FC4-E7D2-416D-A220-164CA99BD63B} = {BDE55FC4-E7D2-416D-A220-164CA99BD63B}
	EndProjectSection
EndProject
Project("{FAE04EC0-301F-11D3-BF4B-00C04F79EFBC}") = "Tagger", "Startup\Tagger\Tagger.csproj", "{553469FF-345B-4BCD-AACA-3D447B23D80A}"
EndProject
Project("{FAE04EC0-301F-11D3-BF4B-00C04F79EFBC}") = "ProcessingTools.Configurator", "ProcessingToolsConfig\ProcessingTools.Configurator.csproj", "{BDE55FC4-E7D2-416D-A220-164CA99BD63B}"
EndProject
Project("{FAE04EC0-301F-11D3-BF4B-00C04F79EFBC}") = "ProcessingTools.BaseLibrary.Tests", "ProcessingTools.BaseLibrary.Tests\ProcessingTools.BaseLibrary.Tests.csproj", "{7A938698-047F-42BB-88CC-0814093C8E16}"
EndProject
Project("{00D1A9C2-B5F0-4AF3-8072-F6C62B433612}") = "TaxonomyDatabase", "Data\TaxonomyDatabase\TaxonomyDatabase.sqlproj", "{D91FD8E7-18C6-457A-9649-062E82C57CA7}"
EndProject
Project("{00D1A9C2-B5F0-4AF3-8072-F6C62B433612}") = "EnvironmentsDatabase", "Data\EnvironmentsDatabase\EnvironmentsDatabase.sqlproj", "{69F54AC5-4EE5-44BD-A072-FE09FE604252}"
EndProject
Project("{FAE04EC0-301F-11D3-BF4B-00C04F79EFBC}") = "Tagger.Tests", "Startup\Tagger.Tests\Tagger.Tests.csproj", "{44DF19EE-8FCB-4298-95BC-381F180C1037}"
EndProject
Project("{FAE04EC0-301F-11D3-BF4B-00C04F79EFBC}") = "ProcessingTools.Configurator.Tests", "ProcessingToolsConfig.Tests\ProcessingTools.Configurator.Tests.csproj", "{F8E2989E-FF8F-4E0A-B141-ABA9497F2D49}"
EndProject
Project("{FAE04EC0-301F-11D3-BF4B-00C04F79EFBC}") = "Tagger.ListsManager", "Startup\Tagger.ListsManager\Tagger.ListsManager.csproj", "{337C1A6C-C0A7-4C44-938E-35D87757EF7B}"
EndProject
Project("{FAE04EC0-301F-11D3-BF4B-00C04F79EFBC}") = "ProcessingTools.MimeResolver", "ProcessingTools.MimeResolver\ProcessingTools.MimeResolver.csproj", "{7D390F8F-47FF-44E9-BFA9-F8CAD3E10045}"
EndProject
Project("{FAE04EC0-301F-11D3-BF4B-00C04F79EFBC}") = "Runner", "Startup\Runner\Runner.csproj", "{82B3B741-4695-4710-84BF-9DA456FBE01F}"
EndProject
Project("{FAE04EC0-301F-11D3-BF4B-00C04F79EFBC}") = "ProcessingTools.Contracts", "Infrastructure\ProcessingTools.Contracts\ProcessingTools.Contracts.csproj", "{4C455D90-7433-4853-BC6E-4A726786D253}"
EndProject
Project("{FAE04EC0-301F-11D3-BF4B-00C04F79EFBC}") = "ProcessingTools.Loggers", "Infrastructure\ProcessingTools.Loggers\ProcessingTools.Loggers.csproj", "{B6E6489B-65DF-4E51-B0F2-86CD7FECA313}"
EndProject
Project("{FAE04EC0-301F-11D3-BF4B-00C04F79EFBC}") = "ProcessingTools.Extensions", "Infrastructure\ProcessingTools.Extensions\ProcessingTools.Extensions.csproj", "{59274696-0BC4-4ADE-86DE-7982FED75BBE}"
EndProject
Project("{FAE04EC0-301F-11D3-BF4B-00C04F79EFBC}") = "ProcessingTools.ServiceClient.Bio.Aphia", "ServiceClients\ProcessingTools.ServiceClient.Bio.Aphia\ProcessingTools.ServiceClient.Bio.Aphia.csproj", "{F364BD78-29DE-48BE-9098-B6AE0C468008}"
EndProject
Project("{FAE04EC0-301F-11D3-BF4B-00C04F79EFBC}") = "ProcessingTools.ServiceClient.Bio.Gbif", "ServiceClients\ProcessingTools.ServiceClient.Bio.Gbif\ProcessingTools.ServiceClient.Bio.Gbif.csproj", "{344310AE-C162-4159-AEC1-91821190546F}"
EndProject
Project("{FAE04EC0-301F-11D3-BF4B-00C04F79EFBC}") = "ProcessingTools.Infrastructure", "Infrastructure\ProcessingTools.Infrastructure\ProcessingTools.Infrastructure.csproj", "{E4C3D09F-E9FC-4155-9573-A1FEBB4A914A}"
EndProject
Project("{FAE04EC0-301F-11D3-BF4B-00C04F79EFBC}") = "ProcessingTools.ServiceClient.Bio.CatalogueOfLife", "ServiceClients\ProcessingTools.ServiceClient.Bio.CatalogueOfLife\ProcessingTools.ServiceClient.Bio.CatalogueOfLife.csproj", "{436A7881-3C88-4892-885D-29D487A42FA4}"
EndProject
Project("{FAE04EC0-301F-11D3-BF4B-00C04F79EFBC}") = "ProcessingTools.ServiceClient.Bio.PaleobiologyDatabase", "ServiceClients\ProcessingTools.ServiceClient.Bio.PaleobiologyDatabase\ProcessingTools.ServiceClient.Bio.PaleobiologyDatabase.csproj", "{690AFA00-9EFE-4757-A7DC-8273CA3DD11B}"
EndProject
Project("{FAE04EC0-301F-11D3-BF4B-00C04F79EFBC}") = "ProcessingTools.ServiceClient.Bio.GlobalNamesResolver", "ServiceClients\ProcessingTools.ServiceClient.Bio.GlobalNamesResolver\ProcessingTools.ServiceClient.Bio.GlobalNamesResolver.csproj", "{EF98BA2F-6469-4A5D-8B83-1636E98F3E48}"
EndProject
Project("{FAE04EC0-301F-11D3-BF4B-00C04F79EFBC}") = "ProcessingTools.ServiceClient.ExtractHcmr", "ServiceClients\ProcessingTools.ServiceClient.ExtractHcmr\ProcessingTools.ServiceClient.ExtractHcmr.csproj", "{E78C97C4-837F-4C72-8751-970AA744D3A8}"
EndProject
Project("{FAE04EC0-301F-11D3-BF4B-00C04F79EFBC}") = "ProcessingTools.Geo", "ProcessingTools.Geo\ProcessingTools.Geo.csproj", "{AEF34763-8DC4-4519-A8FC-F76D6C9C1006}"
EndProject
Project("{FAE04EC0-301F-11D3-BF4B-00C04F79EFBC}") = "ProcessingTools.Geo.Tests", "ProcessingTools.Geo.Tests\ProcessingTools.Geo.Tests.csproj", "{210D2971-98A1-4C9F-8B65-93514BBFEE37}"
EndProject
Project("{2150E333-8FDC-42A3-9474-1A3956D46DE8}") = "Data", "Data", "{F44B7FBC-A422-4966-837D-D52DF317F82E}"
EndProject
Project("{2150E333-8FDC-42A3-9474-1A3956D46DE8}") = "Infrastructure", "Infrastructure", "{247DAE24-DD89-4C2C-AF49-E3F862485B92}"
EndProject
Project("{2150E333-8FDC-42A3-9474-1A3956D46DE8}") = "ServiceClients", "ServiceClients", "{8D3D2D75-57E3-4A4A-818A-4DB83CA58575}"
EndProject
Project("{2150E333-8FDC-42A3-9474-1A3956D46DE8}") = "Startup", "Startup", "{2D346903-DBD6-46C9-A53B-A33E0C215BB2}"
EndProject
Project("{FAE04EC0-301F-11D3-BF4B-00C04F79EFBC}") = "ProcessingTools.ServiceClient.Bio.ZooBank", "ServiceClients\ProcessingTools.ServiceClient.Bio.ZooBank\ProcessingTools.ServiceClient.Bio.ZooBank.csproj", "{47ACD088-5DAA-4C7B-B802-CF871FFD5FC1}"
EndProject
Project("{FAE04EC0-301F-11D3-BF4B-00C04F79EFBC}") = "ProcessingTools.Extensions.Tests", "Infrastructure\ProcessingTools.Extensions.Tests\ProcessingTools.Extensions.Tests.csproj", "{8BD955F2-6208-4247-BE35-8F7581BE7B60}"
EndProject
Project("{FAE04EC0-301F-11D3-BF4B-00C04F79EFBC}") = "ProcessingTools.DocumentProvider", "Infrastructure\ProcessingTools.DocumentProvider\ProcessingTools.DocumentProvider.csproj", "{EE6CF295-22F5-4FB5-8099-BE4BA9E232DE}"
EndProject
Project("{00D1A9C2-B5F0-4AF3-8072-F6C62B433612}") = "JournalsDatabase", "Data\Journals\JournalsDatabase.sqlproj", "{51059C8A-E656-4752-BB8D-DCEE0CA4695D}"
EndProject
Project("{FAE04EC0-301F-11D3-BF4B-00C04F79EFBC}") = "ProcessingTools.DocumentProvider.Tests", "Infrastructure\ProcessingTools.DocumentProvider.Tests\ProcessingTools.DocumentProvider.Tests.csproj", "{D8E1383B-937C-4B1E-B9C8-0448C8694D75}"
EndProject
Global
	GlobalSection(SolutionConfigurationPlatforms) = preSolution
		Debug|Any CPU = Debug|Any CPU
		Release|Any CPU = Release|Any CPU
	EndGlobalSection
	GlobalSection(ProjectConfigurationPlatforms) = postSolution
		{25195D4B-EBD2-487F-84A6-C2CD8850450D}.Debug|Any CPU.ActiveCfg = Debug|Any CPU
		{25195D4B-EBD2-487F-84A6-C2CD8850450D}.Debug|Any CPU.Build.0 = Debug|Any CPU
		{25195D4B-EBD2-487F-84A6-C2CD8850450D}.Release|Any CPU.ActiveCfg = Release|Any CPU
		{25195D4B-EBD2-487F-84A6-C2CD8850450D}.Release|Any CPU.Build.0 = Release|Any CPU
		{553469FF-345B-4BCD-AACA-3D447B23D80A}.Debug|Any CPU.ActiveCfg = Debug|Any CPU
		{553469FF-345B-4BCD-AACA-3D447B23D80A}.Debug|Any CPU.Build.0 = Debug|Any CPU
		{553469FF-345B-4BCD-AACA-3D447B23D80A}.Release|Any CPU.ActiveCfg = Release|Any CPU
		{553469FF-345B-4BCD-AACA-3D447B23D80A}.Release|Any CPU.Build.0 = Release|Any CPU
		{BDE55FC4-E7D2-416D-A220-164CA99BD63B}.Debug|Any CPU.ActiveCfg = Debug|Any CPU
		{BDE55FC4-E7D2-416D-A220-164CA99BD63B}.Debug|Any CPU.Build.0 = Debug|Any CPU
		{BDE55FC4-E7D2-416D-A220-164CA99BD63B}.Release|Any CPU.ActiveCfg = Release|Any CPU
		{BDE55FC4-E7D2-416D-A220-164CA99BD63B}.Release|Any CPU.Build.0 = Release|Any CPU
		{7A938698-047F-42BB-88CC-0814093C8E16}.Debug|Any CPU.ActiveCfg = Debug|Any CPU
		{7A938698-047F-42BB-88CC-0814093C8E16}.Debug|Any CPU.Build.0 = Debug|Any CPU
		{7A938698-047F-42BB-88CC-0814093C8E16}.Release|Any CPU.ActiveCfg = Release|Any CPU
		{7A938698-047F-42BB-88CC-0814093C8E16}.Release|Any CPU.Build.0 = Release|Any CPU
		{D91FD8E7-18C6-457A-9649-062E82C57CA7}.Debug|Any CPU.ActiveCfg = Debug|Any CPU
		{D91FD8E7-18C6-457A-9649-062E82C57CA7}.Debug|Any CPU.Build.0 = Debug|Any CPU
		{D91FD8E7-18C6-457A-9649-062E82C57CA7}.Debug|Any CPU.Deploy.0 = Debug|Any CPU
		{D91FD8E7-18C6-457A-9649-062E82C57CA7}.Release|Any CPU.ActiveCfg = Release|Any CPU
		{D91FD8E7-18C6-457A-9649-062E82C57CA7}.Release|Any CPU.Build.0 = Release|Any CPU
		{D91FD8E7-18C6-457A-9649-062E82C57CA7}.Release|Any CPU.Deploy.0 = Release|Any CPU
		{69F54AC5-4EE5-44BD-A072-FE09FE604252}.Debug|Any CPU.ActiveCfg = Debug|Any CPU
		{69F54AC5-4EE5-44BD-A072-FE09FE604252}.Debug|Any CPU.Build.0 = Debug|Any CPU
		{69F54AC5-4EE5-44BD-A072-FE09FE604252}.Debug|Any CPU.Deploy.0 = Debug|Any CPU
		{69F54AC5-4EE5-44BD-A072-FE09FE604252}.Release|Any CPU.ActiveCfg = Release|Any CPU
		{69F54AC5-4EE5-44BD-A072-FE09FE604252}.Release|Any CPU.Build.0 = Release|Any CPU
		{69F54AC5-4EE5-44BD-A072-FE09FE604252}.Release|Any CPU.Deploy.0 = Release|Any CPU
		{44DF19EE-8FCB-4298-95BC-381F180C1037}.Debug|Any CPU.ActiveCfg = Debug|Any CPU
		{44DF19EE-8FCB-4298-95BC-381F180C1037}.Debug|Any CPU.Build.0 = Debug|Any CPU
		{44DF19EE-8FCB-4298-95BC-381F180C1037}.Release|Any CPU.ActiveCfg = Release|Any CPU
		{44DF19EE-8FCB-4298-95BC-381F180C1037}.Release|Any CPU.Build.0 = Release|Any CPU
		{F8E2989E-FF8F-4E0A-B141-ABA9497F2D49}.Debug|Any CPU.ActiveCfg = Debug|Any CPU
		{F8E2989E-FF8F-4E0A-B141-ABA9497F2D49}.Debug|Any CPU.Build.0 = Debug|Any CPU
		{F8E2989E-FF8F-4E0A-B141-ABA9497F2D49}.Release|Any CPU.ActiveCfg = Release|Any CPU
		{F8E2989E-FF8F-4E0A-B141-ABA9497F2D49}.Release|Any CPU.Build.0 = Release|Any CPU
		{337C1A6C-C0A7-4C44-938E-35D87757EF7B}.Debug|Any CPU.ActiveCfg = Debug|Any CPU
		{337C1A6C-C0A7-4C44-938E-35D87757EF7B}.Debug|Any CPU.Build.0 = Debug|Any CPU
		{337C1A6C-C0A7-4C44-938E-35D87757EF7B}.Release|Any CPU.ActiveCfg = Release|Any CPU
		{337C1A6C-C0A7-4C44-938E-35D87757EF7B}.Release|Any CPU.Build.0 = Release|Any CPU
		{7D390F8F-47FF-44E9-BFA9-F8CAD3E10045}.Debug|Any CPU.ActiveCfg = Debug|Any CPU
		{7D390F8F-47FF-44E9-BFA9-F8CAD3E10045}.Debug|Any CPU.Build.0 = Debug|Any CPU
		{7D390F8F-47FF-44E9-BFA9-F8CAD3E10045}.Release|Any CPU.ActiveCfg = Release|Any CPU
		{7D390F8F-47FF-44E9-BFA9-F8CAD3E10045}.Release|Any CPU.Build.0 = Release|Any CPU
		{82B3B741-4695-4710-84BF-9DA456FBE01F}.Debug|Any CPU.ActiveCfg = Debug|Any CPU
		{82B3B741-4695-4710-84BF-9DA456FBE01F}.Debug|Any CPU.Build.0 = Debug|Any CPU
		{82B3B741-4695-4710-84BF-9DA456FBE01F}.Release|Any CPU.ActiveCfg = Release|Any CPU
		{82B3B741-4695-4710-84BF-9DA456FBE01F}.Release|Any CPU.Build.0 = Release|Any CPU
		{4C455D90-7433-4853-BC6E-4A726786D253}.Debug|Any CPU.ActiveCfg = Debug|Any CPU
		{4C455D90-7433-4853-BC6E-4A726786D253}.Debug|Any CPU.Build.0 = Debug|Any CPU
		{4C455D90-7433-4853-BC6E-4A726786D253}.Release|Any CPU.ActiveCfg = Release|Any CPU
		{4C455D90-7433-4853-BC6E-4A726786D253}.Release|Any CPU.Build.0 = Release|Any CPU
		{B6E6489B-65DF-4E51-B0F2-86CD7FECA313}.Debug|Any CPU.ActiveCfg = Debug|Any CPU
		{B6E6489B-65DF-4E51-B0F2-86CD7FECA313}.Debug|Any CPU.Build.0 = Debug|Any CPU
		{B6E6489B-65DF-4E51-B0F2-86CD7FECA313}.Release|Any CPU.ActiveCfg = Release|Any CPU
		{B6E6489B-65DF-4E51-B0F2-86CD7FECA313}.Release|Any CPU.Build.0 = Release|Any CPU
		{59274696-0BC4-4ADE-86DE-7982FED75BBE}.Debug|Any CPU.ActiveCfg = Debug|Any CPU
		{59274696-0BC4-4ADE-86DE-7982FED75BBE}.Debug|Any CPU.Build.0 = Debug|Any CPU
		{59274696-0BC4-4ADE-86DE-7982FED75BBE}.Release|Any CPU.ActiveCfg = Release|Any CPU
		{59274696-0BC4-4ADE-86DE-7982FED75BBE}.Release|Any CPU.Build.0 = Release|Any CPU
		{F364BD78-29DE-48BE-9098-B6AE0C468008}.Debug|Any CPU.ActiveCfg = Debug|Any CPU
		{F364BD78-29DE-48BE-9098-B6AE0C468008}.Debug|Any CPU.Build.0 = Debug|Any CPU
		{F364BD78-29DE-48BE-9098-B6AE0C468008}.Release|Any CPU.ActiveCfg = Release|Any CPU
		{F364BD78-29DE-48BE-9098-B6AE0C468008}.Release|Any CPU.Build.0 = Release|Any CPU
		{344310AE-C162-4159-AEC1-91821190546F}.Debug|Any CPU.ActiveCfg = Debug|Any CPU
		{344310AE-C162-4159-AEC1-91821190546F}.Debug|Any CPU.Build.0 = Debug|Any CPU
		{344310AE-C162-4159-AEC1-91821190546F}.Release|Any CPU.ActiveCfg = Release|Any CPU
		{344310AE-C162-4159-AEC1-91821190546F}.Release|Any CPU.Build.0 = Release|Any CPU
		{E4C3D09F-E9FC-4155-9573-A1FEBB4A914A}.Debug|Any CPU.ActiveCfg = Debug|Any CPU
		{E4C3D09F-E9FC-4155-9573-A1FEBB4A914A}.Debug|Any CPU.Build.0 = Debug|Any CPU
		{E4C3D09F-E9FC-4155-9573-A1FEBB4A914A}.Release|Any CPU.ActiveCfg = Release|Any CPU
		{E4C3D09F-E9FC-4155-9573-A1FEBB4A914A}.Release|Any CPU.Build.0 = Release|Any CPU
		{436A7881-3C88-4892-885D-29D487A42FA4}.Debug|Any CPU.ActiveCfg = Debug|Any CPU
		{436A7881-3C88-4892-885D-29D487A42FA4}.Debug|Any CPU.Build.0 = Debug|Any CPU
		{436A7881-3C88-4892-885D-29D487A42FA4}.Release|Any CPU.ActiveCfg = Release|Any CPU
		{436A7881-3C88-4892-885D-29D487A42FA4}.Release|Any CPU.Build.0 = Release|Any CPU
		{690AFA00-9EFE-4757-A7DC-8273CA3DD11B}.Debug|Any CPU.ActiveCfg = Debug|Any CPU
		{690AFA00-9EFE-4757-A7DC-8273CA3DD11B}.Debug|Any CPU.Build.0 = Debug|Any CPU
		{690AFA00-9EFE-4757-A7DC-8273CA3DD11B}.Release|Any CPU.ActiveCfg = Release|Any CPU
		{690AFA00-9EFE-4757-A7DC-8273CA3DD11B}.Release|Any CPU.Build.0 = Release|Any CPU
		{EF98BA2F-6469-4A5D-8B83-1636E98F3E48}.Debug|Any CPU.ActiveCfg = Debug|Any CPU
		{EF98BA2F-6469-4A5D-8B83-1636E98F3E48}.Debug|Any CPU.Build.0 = Debug|Any CPU
		{EF98BA2F-6469-4A5D-8B83-1636E98F3E48}.Release|Any CPU.ActiveCfg = Release|Any CPU
		{EF98BA2F-6469-4A5D-8B83-1636E98F3E48}.Release|Any CPU.Build.0 = Release|Any CPU
		{E78C97C4-837F-4C72-8751-970AA744D3A8}.Debug|Any CPU.ActiveCfg = Debug|Any CPU
		{E78C97C4-837F-4C72-8751-970AA744D3A8}.Debug|Any CPU.Build.0 = Debug|Any CPU
		{E78C97C4-837F-4C72-8751-970AA744D3A8}.Release|Any CPU.ActiveCfg = Release|Any CPU
		{E78C97C4-837F-4C72-8751-970AA744D3A8}.Release|Any CPU.Build.0 = Release|Any CPU
		{AEF34763-8DC4-4519-A8FC-F76D6C9C1006}.Debug|Any CPU.ActiveCfg = Debug|Any CPU
		{AEF34763-8DC4-4519-A8FC-F76D6C9C1006}.Debug|Any CPU.Build.0 = Debug|Any CPU
		{AEF34763-8DC4-4519-A8FC-F76D6C9C1006}.Release|Any CPU.ActiveCfg = Release|Any CPU
		{AEF34763-8DC4-4519-A8FC-F76D6C9C1006}.Release|Any CPU.Build.0 = Release|Any CPU
		{210D2971-98A1-4C9F-8B65-93514BBFEE37}.Debug|Any CPU.ActiveCfg = Debug|Any CPU
		{210D2971-98A1-4C9F-8B65-93514BBFEE37}.Debug|Any CPU.Build.0 = Debug|Any CPU
		{210D2971-98A1-4C9F-8B65-93514BBFEE37}.Release|Any CPU.ActiveCfg = Release|Any CPU
		{210D2971-98A1-4C9F-8B65-93514BBFEE37}.Release|Any CPU.Build.0 = Release|Any CPU
		{47ACD088-5DAA-4C7B-B802-CF871FFD5FC1}.Debug|Any CPU.ActiveCfg = Debug|Any CPU
		{47ACD088-5DAA-4C7B-B802-CF871FFD5FC1}.Debug|Any CPU.Build.0 = Debug|Any CPU
		{47ACD088-5DAA-4C7B-B802-CF871FFD5FC1}.Release|Any CPU.ActiveCfg = Release|Any CPU
		{47ACD088-5DAA-4C7B-B802-CF871FFD5FC1}.Release|Any CPU.Build.0 = Release|Any CPU
		{8BD955F2-6208-4247-BE35-8F7581BE7B60}.Debug|Any CPU.ActiveCfg = Debug|Any CPU
		{8BD955F2-6208-4247-BE35-8F7581BE7B60}.Debug|Any CPU.Build.0 = Debug|Any CPU
		{8BD955F2-6208-4247-BE35-8F7581BE7B60}.Release|Any CPU.ActiveCfg = Release|Any CPU
		{8BD955F2-6208-4247-BE35-8F7581BE7B60}.Release|Any CPU.Build.0 = Release|Any CPU
		{EE6CF295-22F5-4FB5-8099-BE4BA9E232DE}.Debug|Any CPU.ActiveCfg = Debug|Any CPU
		{EE6CF295-22F5-4FB5-8099-BE4BA9E232DE}.Debug|Any CPU.Build.0 = Debug|Any CPU
		{EE6CF295-22F5-4FB5-8099-BE4BA9E232DE}.Release|Any CPU.ActiveCfg = Release|Any CPU
		{EE6CF295-22F5-4FB5-8099-BE4BA9E232DE}.Release|Any CPU.Build.0 = Release|Any CPU
		{51059C8A-E656-4752-BB8D-DCEE0CA4695D}.Debug|Any CPU.ActiveCfg = Debug|Any CPU
		{51059C8A-E656-4752-BB8D-DCEE0CA4695D}.Debug|Any CPU.Build.0 = Debug|Any CPU
		{51059C8A-E656-4752-BB8D-DCEE0CA4695D}.Debug|Any CPU.Deploy.0 = Debug|Any CPU
		{51059C8A-E656-4752-BB8D-DCEE0CA4695D}.Release|Any CPU.ActiveCfg = Release|Any CPU
		{51059C8A-E656-4752-BB8D-DCEE0CA4695D}.Release|Any CPU.Build.0 = Release|Any CPU
		{51059C8A-E656-4752-BB8D-DCEE0CA4695D}.Release|Any CPU.Deploy.0 = Release|Any CPU
		{D8E1383B-937C-4B1E-B9C8-0448C8694D75}.Debug|Any CPU.ActiveCfg = Debug|Any CPU
		{D8E1383B-937C-4B1E-B9C8-0448C8694D75}.Debug|Any CPU.Build.0 = Debug|Any CPU
		{D8E1383B-937C-4B1E-B9C8-0448C8694D75}.Release|Any CPU.ActiveCfg = Release|Any CPU
		{D8E1383B-937C-4B1E-B9C8-0448C8694D75}.Release|Any CPU.Build.0 = Release|Any CPU
	EndGlobalSection
	GlobalSection(SolutionProperties) = preSolution
		HideSolutionNode = FALSE
	EndGlobalSection
	GlobalSection(NestedProjects) = preSolution
		{553469FF-345B-4BCD-AACA-3D447B23D80A} = {2D346903-DBD6-46C9-A53B-A33E0C215BB2}
		{D91FD8E7-18C6-457A-9649-062E82C57CA7} = {F44B7FBC-A422-4966-837D-D52DF317F82E}
		{69F54AC5-4EE5-44BD-A072-FE09FE604252} = {F44B7FBC-A422-4966-837D-D52DF317F82E}
		{44DF19EE-8FCB-4298-95BC-381F180C1037} = {2D346903-DBD6-46C9-A53B-A33E0C215BB2}
		{337C1A6C-C0A7-4C44-938E-35D87757EF7B} = {2D346903-DBD6-46C9-A53B-A33E0C215BB2}
		{82B3B741-4695-4710-84BF-9DA456FBE01F} = {2D346903-DBD6-46C9-A53B-A33E0C215BB2}
		{4C455D90-7433-4853-BC6E-4A726786D253} = {247DAE24-DD89-4C2C-AF49-E3F862485B92}
		{B6E6489B-65DF-4E51-B0F2-86CD7FECA313} = {247DAE24-DD89-4C2C-AF49-E3F862485B92}
		{59274696-0BC4-4ADE-86DE-7982FED75BBE} = {247DAE24-DD89-4C2C-AF49-E3F862485B92}
		{F364BD78-29DE-48BE-9098-B6AE0C468008} = {8D3D2D75-57E3-4A4A-818A-4DB83CA58575}
		{344310AE-C162-4159-AEC1-91821190546F} = {8D3D2D75-57E3-4A4A-818A-4DB83CA58575}
		{E4C3D09F-E9FC-4155-9573-A1FEBB4A914A} = {247DAE24-DD89-4C2C-AF49-E3F862485B92}
		{436A7881-3C88-4892-885D-29D487A42FA4} = {8D3D2D75-57E3-4A4A-818A-4DB83CA58575}
		{690AFA00-9EFE-4757-A7DC-8273CA3DD11B} = {8D3D2D75-57E3-4A4A-818A-4DB83CA58575}
		{EF98BA2F-6469-4A5D-8B83-1636E98F3E48} = {8D3D2D75-57E3-4A4A-818A-4DB83CA58575}
		{E78C97C4-837F-4C72-8751-970AA744D3A8} = {8D3D2D75-57E3-4A4A-818A-4DB83CA58575}
		{47ACD088-5DAA-4C7B-B802-CF871FFD5FC1} = {8D3D2D75-57E3-4A4A-818A-4DB83CA58575}
		{8BD955F2-6208-4247-BE35-8F7581BE7B60} = {247DAE24-DD89-4C2C-AF49-E3F862485B92}
		{EE6CF295-22F5-4FB5-8099-BE4BA9E232DE} = {247DAE24-DD89-4C2C-AF49-E3F862485B92}
		{51059C8A-E656-4752-BB8D-DCEE0CA4695D} = {F44B7FBC-A422-4966-837D-D52DF317F82E}
		{D8E1383B-937C-4B1E-B9C8-0448C8694D75} = {247DAE24-DD89-4C2C-AF49-E3F862485B92}
	EndGlobalSection
	GlobalSection(ExtensibilityGlobals) = postSolution
		EnterpriseLibraryConfigurationToolBinariesPathV6 = packages\EnterpriseLibrary.TransientFaultHandling.6.0.1304.0\lib\portable-net45+win+wp8;packages\EnterpriseLibrary.TransientFaultHandling.Data.6.0.1304.1\lib\NET45
	EndGlobalSection
EndGlobal
