
Microsoft Visual Studio Solution File, Format Version 12.00
# Visual Studio 14
VisualStudioVersion = 14.0.25123.0
MinimumVisualStudioVersion = 10.0.40219.1
Project("{2150E333-8FDC-42A3-9474-1A3956D46DE8}") = "Web", "Web", "{6B364F45-9727-46D4-B9D6-F5FBF3667E29}"
EndProject
Project("{FAE04EC0-301F-11D3-BF4B-00C04F79EFBC}") = "ProcessingTools.Web.Pages", "..\Web\ProcessingTools.Web.Pages\ProcessingTools.Web.Pages.csproj", "{89779B0D-46DC-40AE-935D-F2C4CE9F0BF6}"
EndProject
Global
	GlobalSection(SolutionConfigurationPlatforms) = preSolution
		Debug|Any CPU = Debug|Any CPU
		Release|Any CPU = Release|Any CPU
	EndGlobalSection
	GlobalSection(ProjectConfigurationPlatforms) = postSolution
		{89779B0D-46DC-40AE-935D-F2C4CE9F0BF6}.Debug|Any CPU.ActiveCfg = Debug|Any CPU
		{89779B0D-46DC-40AE-935D-F2C4CE9F0BF6}.Debug|Any CPU.Build.0 = Debug|Any CPU
		{89779B0D-46DC-40AE-935D-F2C4CE9F0BF6}.Release|Any CPU.ActiveCfg = Release|Any CPU
		{89779B0D-46DC-40AE-935D-F2C4CE9F0BF6}.Release|Any CPU.Build.0 = Release|Any CPU
	EndGlobalSection
	GlobalSection(SolutionProperties) = preSolution
		HideSolutionNode = FALSE
	EndGlobalSection
	GlobalSection(NestedProjects) = preSolution
		{89779B0D-46DC-40AE-935D-F2C4CE9F0BF6} = {6B364F45-9727-46D4-B9D6-F5FBF3667E29}
	EndGlobalSection
EndGlobal
